// !$*UTF8*$!
{
	archiveVersion = 1;
	classes = {
	};
	objectVersion = 46;
	objects = {

/* Begin PBXBuildFile section */
		A00D28551803E85F00D71F71 /* AppLimitSliderCell.m in Sources */ = {isa = PBXBuildFile; fileRef = A00D28541803E85F00D71F71 /* AppLimitSliderCell.m */; };
		A00EF4801793D5A50045ACB5 /* CMScrollView.m in Sources */ = {isa = PBXBuildFile; fileRef = A00EF47F1793D59E0045ACB5 /* CMScrollView.m */; };
		A00FBF4D17DF54BF0083B482 /* QuartzCore.framework in Frameworks */ = {isa = PBXBuildFile; fileRef = A00FBF4C17DF54BF0083B482 /* QuartzCore.framework */; };
		A00FBF5317DF68280083B482 /* NSImage+CMMenuImageRepAdditions.m in Sources */ = {isa = PBXBuildFile; fileRef = A00FBF5217DF67D70083B482 /* NSImage+CMMenuImageRepAdditions.m */; };
		A0100693182106A10017296D /* app_inspector_c.c in Sources */ = {isa = PBXBuildFile; fileRef = A0100692182106A10017296D /* app_inspector_c.c */; };
		A010F342178474AB003A9E92 /* CMMenu.m in Sources */ = {isa = PBXBuildFile; fileRef = A010F33D178470DD003A9E92 /* CMMenu.m */; };
		A010F343178474AB003A9E92 /* ChromeMenuUnderlyingWindow.m in Sources */ = {isa = PBXBuildFile; fileRef = A010F33F17847361003A9E92 /* ChromeMenuUnderlyingWindow.m */; };
		A010F344178474AB003A9E92 /* ChromeMenuUnderlyingView.m in Sources */ = {isa = PBXBuildFile; fileRef = A010F341178473F2003A9E92 /* ChromeMenuUnderlyingView.m */; };
		A010F3481784856B003A9E92 /* CMMenuItemView.m in Sources */ = {isa = PBXBuildFile; fileRef = A010F34717848515003A9E92 /* CMMenuItemView.m */; };
		A01191641807DE88004777D9 /* StatusbarMenu.m in Sources */ = {isa = PBXBuildFile; fileRef = A01191631807DE88004777D9 /* StatusbarMenu.m */; };
		A01191671807DEF8004777D9 /* StatusbarItemView.m in Sources */ = {isa = PBXBuildFile; fileRef = A01191661807DEF8004777D9 /* StatusbarItemView.m */; };
		A011916A1807E2EF004777D9 /* StatusbarMenuController.m in Sources */ = {isa = PBXBuildFile; fileRef = A01191691807E2EF004777D9 /* StatusbarMenuController.m */; };
		A011916D1807E812004777D9 /* StatusbarItemController.m in Sources */ = {isa = PBXBuildFile; fileRef = A011916C1807E812004777D9 /* StatusbarItemController.m */; };
		A01453BD17833F4D00FFFB39 /* AppInspector.xib in Resources */ = {isa = PBXBuildFile; fileRef = A0154E811782E300008CF159 /* AppInspector.xib */; };
		A01453BE17833F5700FFFB39 /* PopoverContentView.xib in Resources */ = {isa = PBXBuildFile; fileRef = A0154E7F1782E05B008CF159 /* PopoverContentView.xib */; };
		A0154E851782EC6F008CF159 /* AppInspector.m in Sources */ = {isa = PBXBuildFile; fileRef = A0154E841782E972008CF159 /* AppInspector.m */; };
		A023EF13182D2C780025D3B6 /* status_icon_inv.tiff in Resources */ = {isa = PBXBuildFile; fileRef = A023EF11182D2C780025D3B6 /* status_icon_inv.tiff */; };
		A023EF14182D2C780025D3B6 /* status_icon.tiff in Resources */ = {isa = PBXBuildFile; fileRef = A023EF12182D2C780025D3B6 /* status_icon.tiff */; };
		A02EFDE0182B7313000FE2CF /* MYQuiteView.m in Sources */ = {isa = PBXBuildFile; fileRef = A02EFDDF182B7313000FE2CF /* MYQuiteView.m */; };
		A02EFDE3182B76DA000FE2CF /* MYWindow.m in Sources */ = {isa = PBXBuildFile; fileRef = A02EFDE2182B76DA000FE2CF /* MYWindow.m */; };
		A02EFDE6182BE4F5000FE2CF /* MYApplication.m in Sources */ = {isa = PBXBuildFile; fileRef = A02EFDE5182BE4F5000FE2CF /* MYApplication.m */; };
		A0336A7F17DB9E3A004C2DDB /* CMMenuScroller.m in Sources */ = {isa = PBXBuildFile; fileRef = A0336A7E17DB9616004C2DDB /* CMMenuScroller.m */; };
		A0346CBB17882A4E0095A6CF /* CMMenuItemIconView.xib in Resources */ = {isa = PBXBuildFile; fileRef = A0346CB9178827C00095A6CF /* CMMenuItemIconView.xib */; };
		A046C66317E70F0100E4F210 /* CMMenuKeyEventInterpreter.m in Sources */ = {isa = PBXBuildFile; fileRef = A046C66217E7099F00E4F210 /* CMMenuKeyEventInterpreter.m */; };
		A04FA3D3174D4BD9002E688C /* selfprofile.c in Sources */ = {isa = PBXBuildFile; fileRef = A04FA3D2174D4BD9002E688C /* selfprofile.c */; };
		A05B788917859D6E00015156 /* CMMenuItem.m in Sources */ = {isa = PBXBuildFile; fileRef = A05B788817859CF200015156 /* CMMenuItem.m */; };
		A063796817492AEF006F2347 /* Cocoa.framework in Frameworks */ = {isa = PBXBuildFile; fileRef = A063796717492AEF006F2347 /* Cocoa.framework */; };
		A063797217492AEF006F2347 /* InfoPlist.strings in Resources */ = {isa = PBXBuildFile; fileRef = A063797017492AEF006F2347 /* InfoPlist.strings */; };
		A063797417492AEF006F2347 /* main.m in Sources */ = {isa = PBXBuildFile; fileRef = A063797317492AEF006F2347 /* main.m */; };
		A063797817492AEF006F2347 /* Credits.rtf in Resources */ = {isa = PBXBuildFile; fileRef = A063797617492AEF006F2347 /* Credits.rtf */; };
		A063797B17492AEF006F2347 /* AppDelegate.m in Sources */ = {isa = PBXBuildFile; fileRef = A063797A17492AEF006F2347 /* AppDelegate.m */; };
		A063797E17492AF0006F2347 /* MainMenu.xib in Resources */ = {isa = PBXBuildFile; fileRef = A063797C17492AF0006F2347 /* MainMenu.xib */; };
		A063798717492D42006F2347 /* proc_cpulim.c in Sources */ = {isa = PBXBuildFile; fileRef = A063798617492D42006F2347 /* proc_cpulim.c */; };
		A071B69517D8812500D3866E /* XCTest.framework in Frameworks */ = {isa = PBXBuildFile; fileRef = A071B69417D8812500D3866E /* XCTest.framework */; };
		A071B69B17D8812500D3866E /* InfoPlist.strings in Resources */ = {isa = PBXBuildFile; fileRef = A071B69917D8812500D3866E /* InfoPlist.strings */; };
		A071B69D17D8812500D3866E /* Ishimura_Tests.m in Sources */ = {isa = PBXBuildFile; fileRef = A071B69C17D8812500D3866E /* Ishimura_Tests.m */; };
		A07CEC24179D6FFD0016067E /* CMMenuItemSeparatorView.m in Sources */ = {isa = PBXBuildFile; fileRef = A07CEC23179D6FE20016067E /* CMMenuItemSeparatorView.m */; };
		A07CEC25179D70040016067E /* CMMenuItemSeparatorView.xib in Resources */ = {isa = PBXBuildFile; fileRef = A07CEC20179D6F6D0016067E /* CMMenuItemSeparatorView.xib */; };
		A0ADD314174A1438002BAADE /* subroutines.c in Sources */ = {isa = PBXBuildFile; fileRef = A0ADD313174A1438002BAADE /* subroutines.c */; };
		A0ADD317174A24A2002BAADE /* AppsInspector.m in Sources */ = {isa = PBXBuildFile; fileRef = A0ADD316174A24A2002BAADE /* AppsInspector.m */; };
		A0AED3B41802B571005F4F9D /* AppLoadLevelIndicator.m in Sources */ = {isa = PBXBuildFile; fileRef = A0AED3B31802B571005F4F9D /* AppLoadLevelIndicator.m */; };
		A0AED3B71802EA9E005F4F9D /* AppInfoBlockView.m in Sources */ = {isa = PBXBuildFile; fileRef = A0AED3B61802EA9E005F4F9D /* AppInfoBlockView.m */; };
		A0B5AD3418259455006E9898 /* AppPopoverContentView.m in Sources */ = {isa = PBXBuildFile; fileRef = A0B5AD3318259455006E9898 /* AppPopoverContentView.m */; };
		A0ED12401790055C00244C3D /* CMWindowController.m in Sources */ = {isa = PBXBuildFile; fileRef = A0ED123F179004D800244C3D /* CMWindowController.m */; };
		A0ED124317900A9000244C3D /* CMScrollDocumentView.m in Sources */ = {isa = PBXBuildFile; fileRef = A0ED124217900A8A00244C3D /* CMScrollDocumentView.m */; };
		A0ED1249179043F900244C3D /* CMMenuItemView.xib in Resources */ = {isa = PBXBuildFile; fileRef = A0ED12451790218700244C3D /* CMMenuItemView.xib */; };
		A0FC76B51806AE8E00A92F96 /* HintPopoverTextField.m in Sources */ = {isa = PBXBuildFile; fileRef = A0FC76B41806AE8E00A92F96 /* HintPopoverTextField.m */; };
		A0FFE0A91805D673007F510E /* AppLimitHintView.m in Sources */ = {isa = PBXBuildFile; fileRef = A0FFE0A81805D673007F510E /* AppLimitHintView.m */; };
/* End PBXBuildFile section */

/* Begin PBXContainerItemProxy section */
		A071B69F17D8812500D3866E /* PBXContainerItemProxy */ = {
			isa = PBXContainerItemProxy;
			containerPortal = A063795C17492AEF006F2347 /* Project object */;
			proxyType = 1;
			remoteGlobalIDString = A063796317492AEF006F2347;
			remoteInfo = Ishimura;
		};
/* End PBXContainerItemProxy section */

/* Begin PBXFileReference section */
		A005E2AC17F6B5D000B4FDB2 /* CMDebug.h */ = {isa = PBXFileReference; lastKnownFileType = sourcecode.c.h; name = CMDebug.h; path = ChromeMenu/src/CMDebug.h; sourceTree = SOURCE_ROOT; };
		A00D28531803E85F00D71F71 /* AppLimitSliderCell.h */ = {isa = PBXFileReference; fileEncoding = 4; lastKnownFileType = sourcecode.c.h; name = AppLimitSliderCell.h; path = AppInspector/AppLimitSliderCell.h; sourceTree = "<group>"; };
		A00D28541803E85F00D71F71 /* AppLimitSliderCell.m */ = {isa = PBXFileReference; fileEncoding = 4; lastKnownFileType = sourcecode.c.objc; name = AppLimitSliderCell.m; path = AppInspector/AppLimitSliderCell.m; sourceTree = "<group>"; };
		A00EF47E1793D59E0045ACB5 /* CMScrollView.h */ = {isa = PBXFileReference; lastKnownFileType = sourcecode.c.h; name = CMScrollView.h; path = ChromeMenu/src/CMScrollView.h; sourceTree = SOURCE_ROOT; };
		A00EF47F1793D59E0045ACB5 /* CMScrollView.m */ = {isa = PBXFileReference; lastKnownFileType = sourcecode.c.objc; name = CMScrollView.m; path = ChromeMenu/src/CMScrollView.m; sourceTree = SOURCE_ROOT; };
		A00FBF4C17DF54BF0083B482 /* QuartzCore.framework */ = {isa = PBXFileReference; lastKnownFileType = wrapper.framework; name = QuartzCore.framework; path = System/Library/Frameworks/QuartzCore.framework; sourceTree = SDKROOT; };
		A00FBF5117DF67D70083B482 /* NSImage+CMMenuImageRepAdditions.h */ = {isa = PBXFileReference; lastKnownFileType = sourcecode.c.h; name = "NSImage+CMMenuImageRepAdditions.h"; path = "../ChromeMenu/src/NSImage+CMMenuImageRepAdditions.h"; sourceTree = "<group>"; };
		A00FBF5217DF67D70083B482 /* NSImage+CMMenuImageRepAdditions.m */ = {isa = PBXFileReference; lastKnownFileType = sourcecode.c.objc; name = "NSImage+CMMenuImageRepAdditions.m"; path = "../ChromeMenu/src/NSImage+CMMenuImageRepAdditions.m"; sourceTree = "<group>"; };
		A0100691182106900017296D /* app_inspector_c.h */ = {isa = PBXFileReference; lastKnownFileType = sourcecode.c.h; name = app_inspector_c.h; path = C/app_inspector_c.h; sourceTree = "<group>"; };
		A0100692182106A10017296D /* app_inspector_c.c */ = {isa = PBXFileReference; fileEncoding = 4; lastKnownFileType = sourcecode.c.c; name = app_inspector_c.c; path = C/app_inspector_c.c; sourceTree = "<group>"; };
		A010F33C178470DD003A9E92 /* CMMenu.h */ = {isa = PBXFileReference; lastKnownFileType = sourcecode.c.h; name = CMMenu.h; path = ChromeMenu/src/CMMenu.h; sourceTree = SOURCE_ROOT; };
		A010F33D178470DD003A9E92 /* CMMenu.m */ = {isa = PBXFileReference; lastKnownFileType = sourcecode.c.objc; name = CMMenu.m; path = ChromeMenu/src/CMMenu.m; sourceTree = SOURCE_ROOT; };
		A010F33E17847361003A9E92 /* ChromeMenuUnderlyingWindow.h */ = {isa = PBXFileReference; lastKnownFileType = sourcecode.c.h; name = ChromeMenuUnderlyingWindow.h; path = ChromeMenu/src/ChromeMenuUnderlyingWindow.h; sourceTree = SOURCE_ROOT; };
		A010F33F17847361003A9E92 /* ChromeMenuUnderlyingWindow.m */ = {isa = PBXFileReference; lastKnownFileType = sourcecode.c.objc; name = ChromeMenuUnderlyingWindow.m; path = ChromeMenu/src/ChromeMenuUnderlyingWindow.m; sourceTree = SOURCE_ROOT; };
		A010F340178473F2003A9E92 /* ChromeMenuUnderlyingView.h */ = {isa = PBXFileReference; lastKnownFileType = sourcecode.c.h; name = ChromeMenuUnderlyingView.h; path = ChromeMenu/src/ChromeMenuUnderlyingView.h; sourceTree = SOURCE_ROOT; };
		A010F341178473F2003A9E92 /* ChromeMenuUnderlyingView.m */ = {isa = PBXFileReference; lastKnownFileType = sourcecode.c.objc; name = ChromeMenuUnderlyingView.m; path = ChromeMenu/src/ChromeMenuUnderlyingView.m; sourceTree = SOURCE_ROOT; };
		A010F34617848515003A9E92 /* CMMenuItemView.h */ = {isa = PBXFileReference; lastKnownFileType = sourcecode.c.h; name = CMMenuItemView.h; path = ChromeMenu/src/CMMenuItemView.h; sourceTree = SOURCE_ROOT; };
		A010F34717848515003A9E92 /* CMMenuItemView.m */ = {isa = PBXFileReference; lastKnownFileType = sourcecode.c.objc; name = CMMenuItemView.m; path = ChromeMenu/src/CMMenuItemView.m; sourceTree = SOURCE_ROOT; };
		A01191621807DE88004777D9 /* StatusbarMenu.h */ = {isa = PBXFileReference; fileEncoding = 4; lastKnownFileType = sourcecode.c.h; name = StatusbarMenu.h; path = Statusbar/StatusbarMenu.h; sourceTree = "<group>"; };
		A01191631807DE88004777D9 /* StatusbarMenu.m */ = {isa = PBXFileReference; fileEncoding = 4; lastKnownFileType = sourcecode.c.objc; name = StatusbarMenu.m; path = Statusbar/StatusbarMenu.m; sourceTree = "<group>"; };
		A01191651807DEF8004777D9 /* StatusbarItemView.h */ = {isa = PBXFileReference; fileEncoding = 4; lastKnownFileType = sourcecode.c.h; name = StatusbarItemView.h; path = Statusbar/StatusbarItemView.h; sourceTree = "<group>"; };
		A01191661807DEF8004777D9 /* StatusbarItemView.m */ = {isa = PBXFileReference; fileEncoding = 4; lastKnownFileType = sourcecode.c.objc; name = StatusbarItemView.m; path = Statusbar/StatusbarItemView.m; sourceTree = "<group>"; };
		A01191681807E2EF004777D9 /* StatusbarMenuController.h */ = {isa = PBXFileReference; fileEncoding = 4; lastKnownFileType = sourcecode.c.h; name = StatusbarMenuController.h; path = Statusbar/StatusbarMenuController.h; sourceTree = "<group>"; };
		A01191691807E2EF004777D9 /* StatusbarMenuController.m */ = {isa = PBXFileReference; fileEncoding = 4; lastKnownFileType = sourcecode.c.objc; name = StatusbarMenuController.m; path = Statusbar/StatusbarMenuController.m; sourceTree = "<group>"; };
		A011916B1807E812004777D9 /* StatusbarItemController.h */ = {isa = PBXFileReference; fileEncoding = 4; lastKnownFileType = sourcecode.c.h; name = StatusbarItemController.h; path = Statusbar/StatusbarItemController.h; sourceTree = "<group>"; };
		A011916C1807E812004777D9 /* StatusbarItemController.m */ = {isa = PBXFileReference; fileEncoding = 4; lastKnownFileType = sourcecode.c.objc; name = StatusbarItemController.m; path = Statusbar/StatusbarItemController.m; sourceTree = "<group>"; };
		A0154E801782E05B008CF159 /* en */ = {isa = PBXFileReference; lastKnownFileType = file.xib; name = en; path = en.lproj/PopoverContentView.xib; sourceTree = "<group>"; };
		A0154E821782E300008CF159 /* en */ = {isa = PBXFileReference; lastKnownFileType = file.xib; name = en; path = en.lproj/AppInspector.xib; sourceTree = "<group>"; };
		A0154E831782E972008CF159 /* AppInspector.h */ = {isa = PBXFileReference; lastKnownFileType = sourcecode.c.h; name = AppInspector.h; path = AppInspector/AppInspector.h; sourceTree = "<group>"; };
		A0154E841782E972008CF159 /* AppInspector.m */ = {isa = PBXFileReference; lastKnownFileType = sourcecode.c.objc; name = AppInspector.m; path = AppInspector/AppInspector.m; sourceTree = "<group>"; };
		A023EF11182D2C780025D3B6 /* status_icon_inv.tiff */ = {isa = PBXFileReference; lastKnownFileType = image.tiff; name = status_icon_inv.tiff; path = Resources/status_icon_inv.tiff; sourceTree = "<group>"; };
		A023EF12182D2C780025D3B6 /* status_icon.tiff */ = {isa = PBXFileReference; lastKnownFileType = image.tiff; name = status_icon.tiff; path = Resources/status_icon.tiff; sourceTree = "<group>"; };
		A02EFDDE182B7313000FE2CF /* MYQuiteView.h */ = {isa = PBXFileReference; fileEncoding = 4; lastKnownFileType = sourcecode.c.h; name = MYQuiteView.h; path = Controllers/MYQuiteView.h; sourceTree = "<group>"; };
		A02EFDDF182B7313000FE2CF /* MYQuiteView.m */ = {isa = PBXFileReference; fileEncoding = 4; lastKnownFileType = sourcecode.c.objc; name = MYQuiteView.m; path = Controllers/MYQuiteView.m; sourceTree = "<group>"; };
		A02EFDE1182B76DA000FE2CF /* MYWindow.h */ = {isa = PBXFileReference; fileEncoding = 4; lastKnownFileType = sourcecode.c.h; name = MYWindow.h; path = Controllers/MYWindow.h; sourceTree = "<group>"; };
		A02EFDE2182B76DA000FE2CF /* MYWindow.m */ = {isa = PBXFileReference; fileEncoding = 4; lastKnownFileType = sourcecode.c.objc; name = MYWindow.m; path = Controllers/MYWindow.m; sourceTree = "<group>"; };
		A02EFDE4182BE4F5000FE2CF /* MYApplication.h */ = {isa = PBXFileReference; fileEncoding = 4; lastKnownFileType = sourcecode.c.h; name = MYApplication.h; path = Controllers/MYApplication.h; sourceTree = "<group>"; };
		A02EFDE5182BE4F5000FE2CF /* MYApplication.m */ = {isa = PBXFileReference; fileEncoding = 4; lastKnownFileType = sourcecode.c.objc; name = MYApplication.m; path = Controllers/MYApplication.m; sourceTree = "<group>"; };
		A0336A7D17DB9616004C2DDB /* CMMenuScroller.h */ = {isa = PBXFileReference; lastKnownFileType = sourcecode.c.h; name = CMMenuScroller.h; path = ChromeMenu/src/CMMenuScroller.h; sourceTree = SOURCE_ROOT; };
		A0336A7E17DB9616004C2DDB /* CMMenuScroller.m */ = {isa = PBXFileReference; lastKnownFileType = sourcecode.c.objc; name = CMMenuScroller.m; path = ChromeMenu/src/CMMenuScroller.m; sourceTree = SOURCE_ROOT; };
		A0346CBA178827C00095A6CF /* en */ = {isa = PBXFileReference; lastKnownFileType = file.xib; name = en; path = ChromeMenu/en.lproj/CMMenuItemIconView.xib; sourceTree = SOURCE_ROOT; };
		A046C66117E7099F00E4F210 /* CMMenuKeyEventInterpreter.h */ = {isa = PBXFileReference; lastKnownFileType = sourcecode.c.h; name = CMMenuKeyEventInterpreter.h; path = ChromeMenu/src/CMMenuKeyEventInterpreter.h; sourceTree = SOURCE_ROOT; };
		A046C66217E7099F00E4F210 /* CMMenuKeyEventInterpreter.m */ = {isa = PBXFileReference; lastKnownFileType = sourcecode.c.objc; name = CMMenuKeyEventInterpreter.m; path = ChromeMenu/src/CMMenuKeyEventInterpreter.m; sourceTree = SOURCE_ROOT; };
		A04FA3D2174D4BD9002E688C /* selfprofile.c */ = {isa = PBXFileReference; fileEncoding = 4; lastKnownFileType = sourcecode.c.c; name = selfprofile.c; path = C/selfprofile.c; sourceTree = "<group>"; };
		A04FA3D4174D4BF5002E688C /* selfprofile.h */ = {isa = PBXFileReference; fileEncoding = 4; lastKnownFileType = sourcecode.c.h; name = selfprofile.h; path = C/selfprofile.h; sourceTree = "<group>"; };
		A05B788317857FE600015156 /* ChromeMenu.h */ = {isa = PBXFileReference; lastKnownFileType = sourcecode.c.h; name = ChromeMenu.h; path = ChromeMenu/src/ChromeMenu.h; sourceTree = SOURCE_ROOT; };
		A05B788717859CF200015156 /* CMMenuItem.h */ = {isa = PBXFileReference; lastKnownFileType = sourcecode.c.h; name = CMMenuItem.h; path = ChromeMenu/src/CMMenuItem.h; sourceTree = SOURCE_ROOT; };
		A05B788817859CF200015156 /* CMMenuItem.m */ = {isa = PBXFileReference; lastKnownFileType = sourcecode.c.objc; name = CMMenuItem.m; path = ChromeMenu/src/CMMenuItem.m; sourceTree = SOURCE_ROOT; };
		A063796417492AEF006F2347 /* Ishimura.app */ = {isa = PBXFileReference; explicitFileType = wrapper.application; includeInIndex = 0; path = Ishimura.app; sourceTree = BUILT_PRODUCTS_DIR; };
		A063796717492AEF006F2347 /* Cocoa.framework */ = {isa = PBXFileReference; lastKnownFileType = wrapper.framework; name = Cocoa.framework; path = System/Library/Frameworks/Cocoa.framework; sourceTree = SDKROOT; };
		A063796A17492AEF006F2347 /* AppKit.framework */ = {isa = PBXFileReference; lastKnownFileType = wrapper.framework; name = AppKit.framework; path = System/Library/Frameworks/AppKit.framework; sourceTree = SDKROOT; };
		A063796B17492AEF006F2347 /* CoreData.framework */ = {isa = PBXFileReference; lastKnownFileType = wrapper.framework; name = CoreData.framework; path = System/Library/Frameworks/CoreData.framework; sourceTree = SDKROOT; };
		A063796C17492AEF006F2347 /* Foundation.framework */ = {isa = PBXFileReference; lastKnownFileType = wrapper.framework; name = Foundation.framework; path = System/Library/Frameworks/Foundation.framework; sourceTree = SDKROOT; };
		A063796F17492AEF006F2347 /* Ishimura-Info.plist */ = {isa = PBXFileReference; lastKnownFileType = text.plist.xml; path = "Ishimura-Info.plist"; sourceTree = "<group>"; };
		A063797117492AEF006F2347 /* en */ = {isa = PBXFileReference; lastKnownFileType = text.plist.strings; name = en; path = en.lproj/InfoPlist.strings; sourceTree = "<group>"; };
		A063797317492AEF006F2347 /* main.m */ = {isa = PBXFileReference; lastKnownFileType = sourcecode.c.objc; path = main.m; sourceTree = "<group>"; };
		A063797517492AEF006F2347 /* Ishimura-Prefix.pch */ = {isa = PBXFileReference; lastKnownFileType = sourcecode.c.h; path = "Ishimura-Prefix.pch"; sourceTree = "<group>"; };
		A063797717492AEF006F2347 /* en */ = {isa = PBXFileReference; lastKnownFileType = text.rtf; name = en; path = en.lproj/Credits.rtf; sourceTree = "<group>"; };
		A063797917492AEF006F2347 /* AppDelegate.h */ = {isa = PBXFileReference; lastKnownFileType = sourcecode.c.h; path = AppDelegate.h; sourceTree = "<group>"; };
		A063797A17492AEF006F2347 /* AppDelegate.m */ = {isa = PBXFileReference; lastKnownFileType = sourcecode.c.objc; path = AppDelegate.m; sourceTree = "<group>"; };
		A063797D17492AF0006F2347 /* en */ = {isa = PBXFileReference; lastKnownFileType = file.xib; name = en; path = en.lproj/MainMenu.xib; sourceTree = "<group>"; };
		A063798517492D19006F2347 /* proc_cpulim.h */ = {isa = PBXFileReference; lastKnownFileType = sourcecode.c.h; name = proc_cpulim.h; path = C/proc_cpulim.h; sourceTree = "<group>"; };
		A063798617492D42006F2347 /* proc_cpulim.c */ = {isa = PBXFileReference; fileEncoding = 4; lastKnownFileType = sourcecode.c.c; name = proc_cpulim.c; path = C/proc_cpulim.c; sourceTree = "<group>"; };
		A071B69317D8812500D3866E /* Ishimura Tests.xctest */ = {isa = PBXFileReference; explicitFileType = wrapper.cfbundle; includeInIndex = 0; path = "Ishimura Tests.xctest"; sourceTree = BUILT_PRODUCTS_DIR; };
		A071B69417D8812500D3866E /* XCTest.framework */ = {isa = PBXFileReference; lastKnownFileType = wrapper.framework; name = XCTest.framework; path = Library/Frameworks/XCTest.framework; sourceTree = DEVELOPER_DIR; };
		A071B69817D8812500D3866E /* Ishimura Tests-Info.plist */ = {isa = PBXFileReference; lastKnownFileType = text.plist.xml; path = "Ishimura Tests-Info.plist"; sourceTree = "<group>"; };
		A071B69A17D8812500D3866E /* en */ = {isa = PBXFileReference; lastKnownFileType = text.plist.strings; name = en; path = en.lproj/InfoPlist.strings; sourceTree = "<group>"; };
		A071B69C17D8812500D3866E /* Ishimura_Tests.m */ = {isa = PBXFileReference; lastKnownFileType = sourcecode.c.objc; path = Ishimura_Tests.m; sourceTree = "<group>"; };
		A071B69E17D8812500D3866E /* Ishimura Tests-Prefix.pch */ = {isa = PBXFileReference; lastKnownFileType = sourcecode.c.h; path = "Ishimura Tests-Prefix.pch"; sourceTree = "<group>"; };
		A07CEC21179D6F6D0016067E /* en */ = {isa = PBXFileReference; lastKnownFileType = file.xib; name = en; path = ChromeMenu/en.lproj/CMMenuItemSeparatorView.xib; sourceTree = SOURCE_ROOT; };
		A07CEC22179D6FE20016067E /* CMMenuItemSeparatorView.h */ = {isa = PBXFileReference; lastKnownFileType = sourcecode.c.h; name = CMMenuItemSeparatorView.h; path = ChromeMenu/src/CMMenuItemSeparatorView.h; sourceTree = SOURCE_ROOT; };
		A07CEC23179D6FE20016067E /* CMMenuItemSeparatorView.m */ = {isa = PBXFileReference; lastKnownFileType = sourcecode.c.objc; name = CMMenuItemSeparatorView.m; path = ChromeMenu/src/CMMenuItemSeparatorView.m; sourceTree = SOURCE_ROOT; };
		A0A3AD151833A02000A5144F /* Ishimura.entitlements */ = {isa = PBXFileReference; lastKnownFileType = text.xml; path = Ishimura.entitlements; sourceTree = SOURCE_ROOT; };
		A0ADD312174A142A002BAADE /* subroutines.h */ = {isa = PBXFileReference; lastKnownFileType = sourcecode.c.h; name = subroutines.h; path = C/subroutines.h; sourceTree = "<group>"; };
		A0ADD313174A1438002BAADE /* subroutines.c */ = {isa = PBXFileReference; fileEncoding = 4; lastKnownFileType = sourcecode.c.c; name = subroutines.c; path = C/subroutines.c; sourceTree = "<group>"; };
		A0ADD315174A24A2002BAADE /* AppsInspector.h */ = {isa = PBXFileReference; fileEncoding = 4; lastKnownFileType = sourcecode.c.h; name = AppsInspector.h; path = Controllers/AppsInspector.h; sourceTree = "<group>"; };
		A0ADD316174A24A2002BAADE /* AppsInspector.m */ = {isa = PBXFileReference; fileEncoding = 4; lastKnownFileType = sourcecode.c.objc; name = AppsInspector.m; path = Controllers/AppsInspector.m; sourceTree = "<group>"; };
		A0AED3B21802B571005F4F9D /* AppLoadLevelIndicator.h */ = {isa = PBXFileReference; fileEncoding = 4; lastKnownFileType = sourcecode.c.h; name = AppLoadLevelIndicator.h; path = AppInspector/AppLoadLevelIndicator.h; sourceTree = "<group>"; };
		A0AED3B31802B571005F4F9D /* AppLoadLevelIndicator.m */ = {isa = PBXFileReference; fileEncoding = 4; lastKnownFileType = sourcecode.c.objc; name = AppLoadLevelIndicator.m; path = AppInspector/AppLoadLevelIndicator.m; sourceTree = "<group>"; };
		A0AED3B51802EA9E005F4F9D /* AppInfoBlockView.h */ = {isa = PBXFileReference; fileEncoding = 4; lastKnownFileType = sourcecode.c.h; name = AppInfoBlockView.h; path = AppInspector/AppInfoBlockView.h; sourceTree = "<group>"; };
		A0AED3B61802EA9E005F4F9D /* AppInfoBlockView.m */ = {isa = PBXFileReference; fileEncoding = 4; lastKnownFileType = sourcecode.c.objc; name = AppInfoBlockView.m; path = AppInspector/AppInfoBlockView.m; sourceTree = "<group>"; };
		A0B5AD3218259455006E9898 /* AppPopoverContentView.h */ = {isa = PBXFileReference; fileEncoding = 4; lastKnownFileType = sourcecode.c.h; name = AppPopoverContentView.h; path = AppInspector/AppPopoverContentView.h; sourceTree = "<group>"; };
		A0B5AD3318259455006E9898 /* AppPopoverContentView.m */ = {isa = PBXFileReference; fileEncoding = 4; lastKnownFileType = sourcecode.c.objc; name = AppPopoverContentView.m; path = AppInspector/AppPopoverContentView.m; sourceTree = "<group>"; };
		A0ED123E179004D800244C3D /* CMWindowController.h */ = {isa = PBXFileReference; lastKnownFileType = sourcecode.c.h; name = CMWindowController.h; path = ChromeMenu/src/CMWindowController.h; sourceTree = SOURCE_ROOT; };
		A0ED123F179004D800244C3D /* CMWindowController.m */ = {isa = PBXFileReference; lastKnownFileType = sourcecode.c.objc; name = CMWindowController.m; path = ChromeMenu/src/CMWindowController.m; sourceTree = SOURCE_ROOT; };
		A0ED124117900A8A00244C3D /* CMScrollDocumentView.h */ = {isa = PBXFileReference; lastKnownFileType = sourcecode.c.h; name = CMScrollDocumentView.h; path = ChromeMenu/src/CMScrollDocumentView.h; sourceTree = SOURCE_ROOT; };
		A0ED124217900A8A00244C3D /* CMScrollDocumentView.m */ = {isa = PBXFileReference; lastKnownFileType = sourcecode.c.objc; name = CMScrollDocumentView.m; path = ChromeMenu/src/CMScrollDocumentView.m; sourceTree = SOURCE_ROOT; };
		A0ED1244179016A900244C3D /* CMMenuItem+InternalMethods.h */ = {isa = PBXFileReference; lastKnownFileType = sourcecode.c.h; name = "CMMenuItem+InternalMethods.h"; path = "ChromeMenu/src/CMMenuItem+InternalMethods.h"; sourceTree = SOURCE_ROOT; };
		A0ED12461790218700244C3D /* en */ = {isa = PBXFileReference; lastKnownFileType = file.xib; name = en; path = ChromeMenu/en.lproj/CMMenuItemView.xib; sourceTree = SOURCE_ROOT; };
		A0ED1248179040ED00244C3D /* CMMenu+InternalMethods.h */ = {isa = PBXFileReference; lastKnownFileType = sourcecode.c.h; name = "CMMenu+InternalMethods.h"; path = "ChromeMenu/src/CMMenu+InternalMethods.h"; sourceTree = SOURCE_ROOT; };
		A0F03057179A96FC000C767D /* CMMenuItemView+InternalMethods.h */ = {isa = PBXFileReference; lastKnownFileType = sourcecode.c.h; name = "CMMenuItemView+InternalMethods.h"; path = "ChromeMenu/src/CMMenuItemView+InternalMethods.h"; sourceTree = SOURCE_ROOT; };
		A0FC76B31806AE8E00A92F96 /* HintPopoverTextField.h */ = {isa = PBXFileReference; fileEncoding = 4; lastKnownFileType = sourcecode.c.h; name = HintPopoverTextField.h; path = AppInspector/HintPopoverTextField.h; sourceTree = "<group>"; };
		A0FC76B41806AE8E00A92F96 /* HintPopoverTextField.m */ = {isa = PBXFileReference; fileEncoding = 4; lastKnownFileType = sourcecode.c.objc; name = HintPopoverTextField.m; path = AppInspector/HintPopoverTextField.m; sourceTree = "<group>"; };
		A0FFE0A71805D673007F510E /* AppLimitHintView.h */ = {isa = PBXFileReference; fileEncoding = 4; lastKnownFileType = sourcecode.c.h; name = AppLimitHintView.h; path = AppInspector/AppLimitHintView.h; sourceTree = "<group>"; };
		A0FFE0A81805D673007F510E /* AppLimitHintView.m */ = {isa = PBXFileReference; fileEncoding = 4; lastKnownFileType = sourcecode.c.objc; name = AppLimitHintView.m; path = AppInspector/AppLimitHintView.m; sourceTree = "<group>"; };
/* End PBXFileReference section */

/* Begin PBXFrameworksBuildPhase section */
		A063796117492AEF006F2347 /* Frameworks */ = {
			isa = PBXFrameworksBuildPhase;
			buildActionMask = 2147483647;
			files = (
				A00FBF4D17DF54BF0083B482 /* QuartzCore.framework in Frameworks */,
				A063796817492AEF006F2347 /* Cocoa.framework in Frameworks */,
			);
			runOnlyForDeploymentPostprocessing = 0;
		};
		A071B69017D8812500D3866E /* Frameworks */ = {
			isa = PBXFrameworksBuildPhase;
			buildActionMask = 2147483647;
			files = (
				A071B69517D8812500D3866E /* XCTest.framework in Frameworks */,
			);
			runOnlyForDeploymentPostprocessing = 0;
		};
/* End PBXFrameworksBuildPhase section */

/* Begin PBXGroup section */
		A010F33717846F5E003A9E92 /* ChromeMenu */ = {
			isa = PBXGroup;
			children = (
				A010F33817846F6A003A9E92 /* src */,
				A010F33917846F6E003A9E92 /* Resources */,
			);
			name = ChromeMenu;
			sourceTree = "<group>";
		};
		A010F33817846F6A003A9E92 /* src */ = {
			isa = PBXGroup;
			children = (
				A05B788317857FE600015156 /* ChromeMenu.h */,
				A010F33C178470DD003A9E92 /* CMMenu.h */,
				A010F33D178470DD003A9E92 /* CMMenu.m */,
				A05B788717859CF200015156 /* CMMenuItem.h */,
				A05B788817859CF200015156 /* CMMenuItem.m */,
				A0ED1248179040ED00244C3D /* CMMenu+InternalMethods.h */,
				A0ED1244179016A900244C3D /* CMMenuItem+InternalMethods.h */,
				A0F03057179A96FC000C767D /* CMMenuItemView+InternalMethods.h */,
				A005E2AC17F6B5D000B4FDB2 /* CMDebug.h */,
				A0ED123E179004D800244C3D /* CMWindowController.h */,
				A0ED123F179004D800244C3D /* CMWindowController.m */,
				A010F33E17847361003A9E92 /* ChromeMenuUnderlyingWindow.h */,
				A010F33F17847361003A9E92 /* ChromeMenuUnderlyingWindow.m */,
				A010F340178473F2003A9E92 /* ChromeMenuUnderlyingView.h */,
				A010F341178473F2003A9E92 /* ChromeMenuUnderlyingView.m */,
				A0ED124117900A8A00244C3D /* CMScrollDocumentView.h */,
				A0ED124217900A8A00244C3D /* CMScrollDocumentView.m */,
				A00EF47E1793D59E0045ACB5 /* CMScrollView.h */,
				A00EF47F1793D59E0045ACB5 /* CMScrollView.m */,
				A010F34617848515003A9E92 /* CMMenuItemView.h */,
				A010F34717848515003A9E92 /* CMMenuItemView.m */,
				A07CEC22179D6FE20016067E /* CMMenuItemSeparatorView.h */,
				A07CEC23179D6FE20016067E /* CMMenuItemSeparatorView.m */,
				A0336A7D17DB9616004C2DDB /* CMMenuScroller.h */,
				A0336A7E17DB9616004C2DDB /* CMMenuScroller.m */,
				A00FBF5117DF67D70083B482 /* NSImage+CMMenuImageRepAdditions.h */,
				A00FBF5217DF67D70083B482 /* NSImage+CMMenuImageRepAdditions.m */,
				A046C66117E7099F00E4F210 /* CMMenuKeyEventInterpreter.h */,
				A046C66217E7099F00E4F210 /* CMMenuKeyEventInterpreter.m */,
			);
			name = src;
			sourceTree = "<group>";
		};
		A010F33917846F6E003A9E92 /* Resources */ = {
			isa = PBXGroup;
			children = (
				A0ED12451790218700244C3D /* CMMenuItemView.xib */,
				A0346CB9178827C00095A6CF /* CMMenuItemIconView.xib */,
				A07CEC20179D6F6D0016067E /* CMMenuItemSeparatorView.xib */,
			);
			name = Resources;
			sourceTree = "<group>";
		};
		A01191611807DE2C004777D9 /* Statusbar */ = {
			isa = PBXGroup;
			children = (
				A01191681807E2EF004777D9 /* StatusbarMenuController.h */,
				A01191691807E2EF004777D9 /* StatusbarMenuController.m */,
				A011916B1807E812004777D9 /* StatusbarItemController.h */,
				A011916C1807E812004777D9 /* StatusbarItemController.m */,
				A01191621807DE88004777D9 /* StatusbarMenu.h */,
				A01191631807DE88004777D9 /* StatusbarMenu.m */,
				A01191651807DEF8004777D9 /* StatusbarItemView.h */,
				A01191661807DEF8004777D9 /* StatusbarItemView.m */,
			);
			name = Statusbar;
			sourceTree = "<group>";
		};
		A0154E7C1782DEDA008CF159 /* AppInspector */ = {
			isa = PBXGroup;
			children = (
				A0154E7E1782DF37008CF159 /* src */,
				A0154E7D1782DF16008CF159 /* Resources */,
			);
			name = AppInspector;
			sourceTree = "<group>";
		};
		A0154E7D1782DF16008CF159 /* Resources */ = {
			isa = PBXGroup;
			children = (
				A0154E811782E300008CF159 /* AppInspector.xib */,
				A0154E7F1782E05B008CF159 /* PopoverContentView.xib */,
			);
			name = Resources;
			sourceTree = "<group>";
		};
		A0154E7E1782DF37008CF159 /* src */ = {
			isa = PBXGroup;
			children = (
				A0154E831782E972008CF159 /* AppInspector.h */,
				A0154E841782E972008CF159 /* AppInspector.m */,
				A0B5AD3218259455006E9898 /* AppPopoverContentView.h */,
				A0B5AD3318259455006E9898 /* AppPopoverContentView.m */,
				A0AED3B21802B571005F4F9D /* AppLoadLevelIndicator.h */,
				A0AED3B31802B571005F4F9D /* AppLoadLevelIndicator.m */,
				A00D28531803E85F00D71F71 /* AppLimitSliderCell.h */,
				A00D28541803E85F00D71F71 /* AppLimitSliderCell.m */,
				A0AED3B51802EA9E005F4F9D /* AppInfoBlockView.h */,
				A0AED3B61802EA9E005F4F9D /* AppInfoBlockView.m */,
				A0FFE0A71805D673007F510E /* AppLimitHintView.h */,
				A0FFE0A81805D673007F510E /* AppLimitHintView.m */,
				A0FC76B31806AE8E00A92F96 /* HintPopoverTextField.h */,
				A0FC76B41806AE8E00A92F96 /* HintPopoverTextField.m */,
			);
			name = src;
			sourceTree = "<group>";
		};
		A063795B17492AEF006F2347 = {
			isa = PBXGroup;
			children = (
				A063796D17492AEF006F2347 /* Ishimura */,
				A071B69617D8812500D3866E /* Ishimura Tests */,
				A063796617492AEF006F2347 /* Frameworks */,
				A063796517492AEF006F2347 /* Products */,
			);
			sourceTree = "<group>";
		};
		A063796517492AEF006F2347 /* Products */ = {
			isa = PBXGroup;
			children = (
				A063796417492AEF006F2347 /* Ishimura.app */,
				A071B69317D8812500D3866E /* Ishimura Tests.xctest */,
			);
			name = Products;
			sourceTree = "<group>";
		};
		A063796617492AEF006F2347 /* Frameworks */ = {
			isa = PBXGroup;
			children = (
				A00FBF4C17DF54BF0083B482 /* QuartzCore.framework */,
				A063796717492AEF006F2347 /* Cocoa.framework */,
				A071B69417D8812500D3866E /* XCTest.framework */,
				A063796917492AEF006F2347 /* Other Frameworks */,
			);
			name = Frameworks;
			sourceTree = "<group>";
		};
		A063796917492AEF006F2347 /* Other Frameworks */ = {
			isa = PBXGroup;
			children = (
				A063796A17492AEF006F2347 /* AppKit.framework */,
				A063796B17492AEF006F2347 /* CoreData.framework */,
				A063796C17492AEF006F2347 /* Foundation.framework */,
			);
			name = "Other Frameworks";
			sourceTree = "<group>";
		};
		A063796D17492AEF006F2347 /* Ishimura */ = {
			isa = PBXGroup;
			children = (
				A010F33717846F5E003A9E92 /* ChromeMenu */,
				A063797917492AEF006F2347 /* AppDelegate.h */,
				A063797A17492AEF006F2347 /* AppDelegate.m */,
				A0ADD315174A24A2002BAADE /* AppsInspector.h */,
				A0ADD316174A24A2002BAADE /* AppsInspector.m */,
				A02EFDDE182B7313000FE2CF /* MYQuiteView.h */,
				A02EFDDF182B7313000FE2CF /* MYQuiteView.m */,
				A02EFDE1182B76DA000FE2CF /* MYWindow.h */,
				A02EFDE2182B76DA000FE2CF /* MYWindow.m */,
				A02EFDE4182BE4F5000FE2CF /* MYApplication.h */,
				A02EFDE5182BE4F5000FE2CF /* MYApplication.m */,
				A063797317492AEF006F2347 /* main.m */,
				A01191611807DE2C004777D9 /* Statusbar */,
				A0154E7C1782DEDA008CF159 /* AppInspector */,
				A063798417492CCB006F2347 /* C */,
				A063796E17492AEF006F2347 /* Supporting Files */,
			);
			name = Ishimura;
			path = cpulim;
			sourceTree = "<group>";
		};
		A063796E17492AEF006F2347 /* Supporting Files */ = {
			isa = PBXGroup;
			children = (
				A0A3AD151833A02000A5144F /* Ishimura.entitlements */,
				A063797C17492AF0006F2347 /* MainMenu.xib */,
				A063796F17492AEF006F2347 /* Ishimura-Info.plist */,
				A063797017492AEF006F2347 /* InfoPlist.strings */,
				A063797517492AEF006F2347 /* Ishimura-Prefix.pch */,
				A063797617492AEF006F2347 /* Credits.rtf */,
				A023EF11182D2C780025D3B6 /* status_icon_inv.tiff */,
				A023EF12182D2C780025D3B6 /* status_icon.tiff */,
			);
			name = "Supporting Files";
			sourceTree = "<group>";
		};
		A063798417492CCB006F2347 /* C */ = {
			isa = PBXGroup;
			children = (
				A063798517492D19006F2347 /* proc_cpulim.h */,
				A063798617492D42006F2347 /* proc_cpulim.c */,
				A0ADD312174A142A002BAADE /* subroutines.h */,
				A0ADD313174A1438002BAADE /* subroutines.c */,
				A04FA3D4174D4BF5002E688C /* selfprofile.h */,
				A04FA3D2174D4BD9002E688C /* selfprofile.c */,
				A0100691182106900017296D /* app_inspector_c.h */,
				A0100692182106A10017296D /* app_inspector_c.c */,
			);
			name = C;
			sourceTree = "<group>";
		};
		A071B69617D8812500D3866E /* Ishimura Tests */ = {
			isa = PBXGroup;
			children = (
				A071B69C17D8812500D3866E /* Ishimura_Tests.m */,
				A071B69717D8812500D3866E /* Supporting Files */,
			);
			path = "Ishimura Tests";
			sourceTree = "<group>";
		};
		A071B69717D8812500D3866E /* Supporting Files */ = {
			isa = PBXGroup;
			children = (
				A071B69817D8812500D3866E /* Ishimura Tests-Info.plist */,
				A071B69917D8812500D3866E /* InfoPlist.strings */,
				A071B69E17D8812500D3866E /* Ishimura Tests-Prefix.pch */,
			);
			name = "Supporting Files";
			sourceTree = "<group>";
		};
/* End PBXGroup section */

/* Begin PBXNativeTarget section */
		A063796317492AEF006F2347 /* Ishimura */ = {
			isa = PBXNativeTarget;
			buildConfigurationList = A063798117492AF0006F2347 /* Build configuration list for PBXNativeTarget "Ishimura" */;
			buildPhases = (
				A063796017492AEF006F2347 /* Sources */,
				A063796117492AEF006F2347 /* Frameworks */,
				A063796217492AEF006F2347 /* Resources */,
			);
			buildRules = (
			);
			dependencies = (
			);
			name = Ishimura;
			productName = cpulim;
			productReference = A063796417492AEF006F2347 /* Ishimura.app */;
			productType = "com.apple.product-type.application";
		};
		A071B69217D8812500D3866E /* Ishimura Tests */ = {
			isa = PBXNativeTarget;
			buildConfigurationList = A071B6A117D8812500D3866E /* Build configuration list for PBXNativeTarget "Ishimura Tests" */;
			buildPhases = (
				A071B68F17D8812500D3866E /* Sources */,
				A071B69017D8812500D3866E /* Frameworks */,
				A071B69117D8812500D3866E /* Resources */,
			);
			buildRules = (
			);
			dependencies = (
				A071B6A017D8812500D3866E /* PBXTargetDependency */,
			);
			name = "Ishimura Tests";
			productName = "Ishimura Tests";
			productReference = A071B69317D8812500D3866E /* Ishimura Tests.xctest */;
			productType = "com.apple.product-type.bundle.unit-test";
		};
/* End PBXNativeTarget section */

/* Begin PBXProject section */
		A063795C17492AEF006F2347 /* Project object */ = {
			isa = PBXProject;
			attributes = {
				LastUpgradeCheck = 0460;
				ORGANIZATIONNAME = "Maksym Stefanchuk";
				TargetAttributes = {
					A063796317492AEF006F2347 = {
						SystemCapabilities = {
							com.apple.Sandbox = {
								enabled = 0;
							};
						};
					};
					A071B69217D8812500D3866E = {
						TestTargetID = A063796317492AEF006F2347;
					};
				};
			};
			buildConfigurationList = A063795F17492AEF006F2347 /* Build configuration list for PBXProject "Ishimura" */;
			compatibilityVersion = "Xcode 3.2";
			developmentRegion = English;
			hasScannedForEncodings = 0;
			knownRegions = (
				en,
			);
			mainGroup = A063795B17492AEF006F2347;
			productRefGroup = A063796517492AEF006F2347 /* Products */;
			projectDirPath = "";
			projectRoot = "";
			targets = (
				A063796317492AEF006F2347 /* Ishimura */,
				A071B69217D8812500D3866E /* Ishimura Tests */,
			);
		};
/* End PBXProject section */

/* Begin PBXResourcesBuildPhase section */
		A063796217492AEF006F2347 /* Resources */ = {
			isa = PBXResourcesBuildPhase;
			buildActionMask = 2147483647;
			files = (
				A07CEC25179D70040016067E /* CMMenuItemSeparatorView.xib in Resources */,
				A0ED1249179043F900244C3D /* CMMenuItemView.xib in Resources */,
				A0346CBB17882A4E0095A6CF /* CMMenuItemIconView.xib in Resources */,
				A023EF13182D2C780025D3B6 /* status_icon_inv.tiff in Resources */,
				A01453BE17833F5700FFFB39 /* PopoverContentView.xib in Resources */,
				A01453BD17833F4D00FFFB39 /* AppInspector.xib in Resources */,
				A063797217492AEF006F2347 /* InfoPlist.strings in Resources */,
				A063797817492AEF006F2347 /* Credits.rtf in Resources */,
				A063797E17492AF0006F2347 /* MainMenu.xib in Resources */,
				A023EF14182D2C780025D3B6 /* status_icon.tiff in Resources */,
			);
			runOnlyForDeploymentPostprocessing = 0;
		};
		A071B69117D8812500D3866E /* Resources */ = {
			isa = PBXResourcesBuildPhase;
			buildActionMask = 2147483647;
			files = (
				A071B69B17D8812500D3866E /* InfoPlist.strings in Resources */,
			);
			runOnlyForDeploymentPostprocessing = 0;
		};
/* End PBXResourcesBuildPhase section */

/* Begin PBXSourcesBuildPhase section */
		A063796017492AEF006F2347 /* Sources */ = {
			isa = PBXSourcesBuildPhase;
			buildActionMask = 2147483647;
			files = (
				A0AED3B71802EA9E005F4F9D /* AppInfoBlockView.m in Sources */,
				A046C66317E70F0100E4F210 /* CMMenuKeyEventInterpreter.m in Sources */,
				A00FBF5317DF68280083B482 /* NSImage+CMMenuImageRepAdditions.m in Sources */,
				A00D28551803E85F00D71F71 /* AppLimitSliderCell.m in Sources */,
				A0FC76B51806AE8E00A92F96 /* HintPopoverTextField.m in Sources */,
				A0336A7F17DB9E3A004C2DDB /* CMMenuScroller.m in Sources */,
				A0FFE0A91805D673007F510E /* AppLimitHintView.m in Sources */,
				A07CEC24179D6FFD0016067E /* CMMenuItemSeparatorView.m in Sources */,
				A0B5AD3418259455006E9898 /* AppPopoverContentView.m in Sources */,
				A00EF4801793D5A50045ACB5 /* CMScrollView.m in Sources */,
				A0ED124317900A9000244C3D /* CMScrollDocumentView.m in Sources */,
				A0ED12401790055C00244C3D /* CMWindowController.m in Sources */,
				A0AED3B41802B571005F4F9D /* AppLoadLevelIndicator.m in Sources */,
				A02EFDE6182BE4F5000FE2CF /* MYApplication.m in Sources */,
				A05B788917859D6E00015156 /* CMMenuItem.m in Sources */,
				A0100693182106A10017296D /* app_inspector_c.c in Sources */,
				A01191641807DE88004777D9 /* StatusbarMenu.m in Sources */,
				A010F3481784856B003A9E92 /* CMMenuItemView.m in Sources */,
				A010F342178474AB003A9E92 /* CMMenu.m in Sources */,
				A011916A1807E2EF004777D9 /* StatusbarMenuController.m in Sources */,
				A010F343178474AB003A9E92 /* ChromeMenuUnderlyingWindow.m in Sources */,
				A01191671807DEF8004777D9 /* StatusbarItemView.m in Sources */,
				A010F344178474AB003A9E92 /* ChromeMenuUnderlyingView.m in Sources */,
				A063797417492AEF006F2347 /* main.m in Sources */,
				A063797B17492AEF006F2347 /* AppDelegate.m in Sources */,
				A063798717492D42006F2347 /* proc_cpulim.c in Sources */,
				A02EFDE3182B76DA000FE2CF /* MYWindow.m in Sources */,
				A0ADD314174A1438002BAADE /* subroutines.c in Sources */,
				A0ADD317174A24A2002BAADE /* AppsInspector.m in Sources */,
				A02EFDE0182B7313000FE2CF /* MYQuiteView.m in Sources */,
				A04FA3D3174D4BD9002E688C /* selfprofile.c in Sources */,
				A011916D1807E812004777D9 /* StatusbarItemController.m in Sources */,
				A0154E851782EC6F008CF159 /* AppInspector.m in Sources */,
			);
			runOnlyForDeploymentPostprocessing = 0;
		};
		A071B68F17D8812500D3866E /* Sources */ = {
			isa = PBXSourcesBuildPhase;
			buildActionMask = 2147483647;
			files = (
				A071B69D17D8812500D3866E /* Ishimura_Tests.m in Sources */,
			);
			runOnlyForDeploymentPostprocessing = 0;
		};
/* End PBXSourcesBuildPhase section */

/* Begin PBXTargetDependency section */
		A071B6A017D8812500D3866E /* PBXTargetDependency */ = {
			isa = PBXTargetDependency;
			target = A063796317492AEF006F2347 /* Ishimura */;
			targetProxy = A071B69F17D8812500D3866E /* PBXContainerItemProxy */;
		};
/* End PBXTargetDependency section */

/* Begin PBXVariantGroup section */
		A0154E7F1782E05B008CF159 /* PopoverContentView.xib */ = {
			isa = PBXVariantGroup;
			children = (
				A0154E801782E05B008CF159 /* en */,
			);
			name = PopoverContentView.xib;
			sourceTree = "<group>";
		};
		A0154E811782E300008CF159 /* AppInspector.xib */ = {
			isa = PBXVariantGroup;
			children = (
				A0154E821782E300008CF159 /* en */,
			);
			name = AppInspector.xib;
			sourceTree = "<group>";
		};
		A0346CB9178827C00095A6CF /* CMMenuItemIconView.xib */ = {
			isa = PBXVariantGroup;
			children = (
				A0346CBA178827C00095A6CF /* en */,
			);
			name = CMMenuItemIconView.xib;
			sourceTree = "<group>";
		};
		A063797017492AEF006F2347 /* InfoPlist.strings */ = {
			isa = PBXVariantGroup;
			children = (
				A063797117492AEF006F2347 /* en */,
			);
			name = InfoPlist.strings;
			sourceTree = "<group>";
		};
		A063797617492AEF006F2347 /* Credits.rtf */ = {
			isa = PBXVariantGroup;
			children = (
				A063797717492AEF006F2347 /* en */,
			);
			name = Credits.rtf;
			sourceTree = "<group>";
		};
		A063797C17492AF0006F2347 /* MainMenu.xib */ = {
			isa = PBXVariantGroup;
			children = (
				A063797D17492AF0006F2347 /* en */,
			);
			name = MainMenu.xib;
			sourceTree = "<group>";
		};
		A071B69917D8812500D3866E /* InfoPlist.strings */ = {
			isa = PBXVariantGroup;
			children = (
				A071B69A17D8812500D3866E /* en */,
			);
			name = InfoPlist.strings;
			sourceTree = "<group>";
		};
		A07CEC20179D6F6D0016067E /* CMMenuItemSeparatorView.xib */ = {
			isa = PBXVariantGroup;
			children = (
				A07CEC21179D6F6D0016067E /* en */,
			);
			name = CMMenuItemSeparatorView.xib;
			sourceTree = "<group>";
		};
		A0ED12451790218700244C3D /* CMMenuItemView.xib */ = {
			isa = PBXVariantGroup;
			children = (
				A0ED12461790218700244C3D /* en */,
			);
			name = CMMenuItemView.xib;
			sourceTree = "<group>";
		};
/* End PBXVariantGroup section */

/* Begin XCBuildConfiguration section */
		A063797F17492AF0006F2347 /* Debug */ = {
			isa = XCBuildConfiguration;
			buildSettings = {
				ALWAYS_SEARCH_USER_PATHS = NO;
				ARCHS = "$(ARCHS_STANDARD_64_BIT)";
				CLANG_CXX_LANGUAGE_STANDARD = "gnu++0x";
				CLANG_CXX_LIBRARY = "libc++";
				CLANG_WARN_CONSTANT_CONVERSION = YES;
				CLANG_WARN_EMPTY_BODY = YES;
				CLANG_WARN_ENUM_CONVERSION = YES;
				CLANG_WARN_INT_CONVERSION = YES;
				CLANG_WARN__DUPLICATE_METHOD_MATCH = YES;
				COPY_PHASE_STRIP = NO;
				GCC_C_LANGUAGE_STANDARD = gnu99;
				GCC_DYNAMIC_NO_PIC = NO;
				GCC_ENABLE_OBJC_EXCEPTIONS = YES;
				GCC_OPTIMIZATION_LEVEL = 0;
				GCC_PREPROCESSOR_DEFINITIONS = (
					"DEBUG=1",
					"$(inherited)",
				);
				GCC_SYMBOLS_PRIVATE_EXTERN = NO;
				GCC_WARN_64_TO_32_BIT_CONVERSION = YES;
				GCC_WARN_ABOUT_RETURN_TYPE = YES;
				GCC_WARN_SIGN_COMPARE = YES;
				GCC_WARN_UNINITIALIZED_AUTOS = YES;
				GCC_WARN_UNUSED_VARIABLE = YES;
				MACOSX_DEPLOYMENT_TARGET = 10.7;
				ONLY_ACTIVE_ARCH = YES;
				SDKROOT = macosx;
			};
			name = Debug;
		};
		A063798017492AF0006F2347 /* Release */ = {
			isa = XCBuildConfiguration;
			buildSettings = {
				ALWAYS_SEARCH_USER_PATHS = NO;
				ARCHS = "$(ARCHS_STANDARD_64_BIT)";
				CLANG_CXX_LANGUAGE_STANDARD = "gnu++0x";
				CLANG_CXX_LIBRARY = "libc++";
				CLANG_WARN_CONSTANT_CONVERSION = YES;
				CLANG_WARN_EMPTY_BODY = YES;
				CLANG_WARN_ENUM_CONVERSION = YES;
				CLANG_WARN_INT_CONVERSION = YES;
				CLANG_WARN__DUPLICATE_METHOD_MATCH = YES;
				COPY_PHASE_STRIP = YES;
				DEBUG_INFORMATION_FORMAT = "dwarf-with-dsym";
				GCC_C_LANGUAGE_STANDARD = gnu99;
				GCC_ENABLE_OBJC_EXCEPTIONS = YES;
				GCC_WARN_64_TO_32_BIT_CONVERSION = YES;
				GCC_WARN_ABOUT_RETURN_TYPE = YES;
				GCC_WARN_SIGN_COMPARE = YES;
				GCC_WARN_UNINITIALIZED_AUTOS = YES;
				GCC_WARN_UNUSED_VARIABLE = YES;
				MACOSX_DEPLOYMENT_TARGET = 10.7;
				SDKROOT = macosx;
			};
			name = Release;
		};
		A063798217492AF0006F2347 /* Debug */ = {
			isa = XCBuildConfiguration;
			buildSettings = {
				CLANG_WARN_DEPRECATED_OBJC_IMPLEMENTATIONS = YES;
				CLANG_WARN_IMPLICIT_SIGN_CONVERSION = YES;
				CLANG_WARN_SUSPICIOUS_IMPLICIT_CONVERSION = YES;
				CODE_SIGN_IDENTITY = "-";
				COMBINE_HIDPI_IMAGES = YES;
				GCC_PRECOMPILE_PREFIX_HEADER = YES;
				GCC_PREFIX_HEADER = "cpulim/Ishimura-Prefix.pch";
				GCC_WARN_ABOUT_MISSING_NEWLINE = YES;
				GCC_WARN_ABOUT_MISSING_PROTOTYPES = YES;
				GCC_WARN_MULTIPLE_DEFINITION_TYPES_FOR_SELECTOR = NO;
				GCC_WARN_SIGN_COMPARE = YES;
				GCC_WARN_STRICT_SELECTOR_MATCH = YES;
				GCC_WARN_UNDECLARED_SELECTOR = YES;
				GCC_WARN_UNUSED_FUNCTION = YES;
				GCC_WARN_UNUSED_LABEL = YES;
				INFOPLIST_FILE = "cpulim/Ishimura-Info.plist";
				MACOSX_DEPLOYMENT_TARGET = 10.7;
				PRODUCT_NAME = Ishimura;
				SDKROOT = macosx;
				WRAPPER_EXTENSION = app;
			};
			name = Debug;
		};
		A063798317492AF0006F2347 /* Release */ = {
			isa = XCBuildConfiguration;
			buildSettings = {
				CLANG_WARN_DEPRECATED_OBJC_IMPLEMENTATIONS = YES;
				CLANG_WARN_IMPLICIT_SIGN_CONVERSION = YES;
				CLANG_WARN_SUSPICIOUS_IMPLICIT_CONVERSION = YES;
				CODE_SIGN_IDENTITY = "-";
				COMBINE_HIDPI_IMAGES = YES;
				GCC_PRECOMPILE_PREFIX_HEADER = YES;
				GCC_PREFIX_HEADER = "cpulim/Ishimura-Prefix.pch";
				GCC_WARN_ABOUT_MISSING_NEWLINE = YES;
				GCC_WARN_ABOUT_MISSING_PROTOTYPES = YES;
				GCC_WARN_MULTIPLE_DEFINITION_TYPES_FOR_SELECTOR = NO;
				GCC_WARN_SIGN_COMPARE = YES;
				GCC_WARN_STRICT_SELECTOR_MATCH = YES;
				GCC_WARN_UNDECLARED_SELECTOR = YES;
				GCC_WARN_UNUSED_FUNCTION = YES;
				GCC_WARN_UNUSED_LABEL = YES;
				INFOPLIST_FILE = "cpulim/Ishimura-Info.plist";
				MACOSX_DEPLOYMENT_TARGET = 10.7;
				PRODUCT_NAME = Ishimura;
				SDKROOT = macosx;
				WRAPPER_EXTENSION = app;
			};
			name = Release;
		};
		A071B6A217D8812500D3866E /* Debug */ = {
			isa = XCBuildConfiguration;
			buildSettings = {
				BUNDLE_LOADER = "$(BUILT_PRODUCTS_DIR)/Ishimura.app/Contents/MacOS/Ishimura";
				CLANG_ENABLE_MODULES = YES;
				CLANG_ENABLE_OBJC_ARC = YES;
				CLANG_WARN_BOOL_CONVERSION = YES;
				CLANG_WARN_DIRECT_OBJC_ISA_USAGE = YES_ERROR;
				CLANG_WARN_OBJC_ROOT_CLASS = YES_ERROR;
				FRAMEWORK_SEARCH_PATHS = (
					"$(DEVELOPER_FRAMEWORKS_DIR)",
					"$(inherited)",
				);
				GCC_PRECOMPILE_PREFIX_HEADER = YES;
				GCC_PREFIX_HEADER = "Ishimura Tests/Ishimura Tests-Prefix.pch";
				GCC_PREPROCESSOR_DEFINITIONS = (
					"DEBUG=1",
					"$(inherited)",
				);
				GCC_WARN_ABOUT_RETURN_TYPE = YES_ERROR;
				GCC_WARN_UNDECLARED_SELECTOR = YES;
				GCC_WARN_UNUSED_FUNCTION = YES;
				INFOPLIST_FILE = "Ishimura Tests/Ishimura Tests-Info.plist";
				MACOSX_DEPLOYMENT_TARGET = 10.7;
				PRODUCT_NAME = "$(TARGET_NAME)";
				TEST_HOST = "$(BUNDLE_LOADER)";
				WRAPPER_EXTENSION = xctest;
			};
			name = Debug;
		};
		A071B6A317D8812500D3866E /* Release */ = {
			isa = XCBuildConfiguration;
			buildSettings = {
				BUNDLE_LOADER = "$(BUILT_PRODUCTS_DIR)/Ishimura.app/Contents/MacOS/Ishimura";
				CLANG_ENABLE_MODULES = YES;
				CLANG_ENABLE_OBJC_ARC = YES;
				CLANG_WARN_BOOL_CONVERSION = YES;
				CLANG_WARN_DIRECT_OBJC_ISA_USAGE = YES_ERROR;
				CLANG_WARN_OBJC_ROOT_CLASS = YES_ERROR;
				ENABLE_NS_ASSERTIONS = NO;
				FRAMEWORK_SEARCH_PATHS = (
					"$(DEVELOPER_FRAMEWORKS_DIR)",
					"$(inherited)",
				);
				GCC_PRECOMPILE_PREFIX_HEADER = YES;
				GCC_PREFIX_HEADER = "Ishimura Tests/Ishimura Tests-Prefix.pch";
				GCC_WARN_ABOUT_RETURN_TYPE = YES_ERROR;
				GCC_WARN_UNDECLARED_SELECTOR = YES;
				GCC_WARN_UNUSED_FUNCTION = YES;
				INFOPLIST_FILE = "Ishimura Tests/Ishimura Tests-Info.plist";
				MACOSX_DEPLOYMENT_TARGET = 10.7;
				PRODUCT_NAME = "$(TARGET_NAME)";
				TEST_HOST = "$(BUNDLE_LOADER)";
				WRAPPER_EXTENSION = xctest;
			};
			name = Release;
		};
/* End XCBuildConfiguration section */

/* Begin XCConfigurationList section */
		A063795F17492AEF006F2347 /* Build configuration list for PBXProject "Ishimura" */ = {
			isa = XCConfigurationList;
			buildConfigurations = (
				A063797F17492AF0006F2347 /* Debug */,
				A063798017492AF0006F2347 /* Release */,
			);
			defaultConfigurationIsVisible = 0;
			defaultConfigurationName = Release;
		};
		A063798117492AF0006F2347 /* Build configuration list for PBXNativeTarget "Ishimura" */ = {
			isa = XCConfigurationList;
			buildConfigurations = (
				A063798217492AF0006F2347 /* Debug */,
				A063798317492AF0006F2347 /* Release */,
			);
			defaultConfigurationIsVisible = 0;
			defaultConfigurationName = Release;
		};
		A071B6A117D8812500D3866E /* Build configuration list for PBXNativeTarget "Ishimura Tests" */ = {
			isa = XCConfigurationList;
			buildConfigurations = (
				A071B6A217D8812500D3866E /* Debug */,
				A071B6A317D8812500D3866E /* Release */,
			);
			defaultConfigurationIsVisible = 0;
			defaultConfigurationName = Release;
		};
/* End XCConfigurationList section */
	};
	rootObject = A063795C17492AEF006F2347 /* Project object */;
}
