// !$*UTF8*$!
{
	archiveVersion = 1;
	classes = {
	};
	objectVersion = 46;
	objects = {

/* Begin PBXBuildFile section */
		A007EAF11786B46B00A7FE8D /* CMTableCellVewOverride.m in Sources */ = {isa = PBXBuildFile; fileRef = A007EAF01786B45A00A7FE8D /* CMTableCellVewOverride.m */; };
		A007EAF41786BBF000A7FE8D /* CMMenuItemOverride.m in Sources */ = {isa = PBXBuildFile; fileRef = A007EAF31786BBE400A7FE8D /* CMMenuItemOverride.m */; };
		A007EAF51786CA5500A7FE8D /* MenuItemView.xib in Resources */ = {isa = PBXBuildFile; fileRef = A007EAED1786B0DA00A7FE8D /* MenuItemView.xib */; };
		A00EF4801793D5A50045ACB5 /* CMScrollView.m in Sources */ = {isa = PBXBuildFile; fileRef = A00EF47F1793D59E0045ACB5 /* CMScrollView.m */; };
		A00FBF4D17DF54BF0083B482 /* QuartzCore.framework in Frameworks */ = {isa = PBXBuildFile; fileRef = A00FBF4C17DF54BF0083B482 /* QuartzCore.framework */; };
		A00FBF5317DF68280083B482 /* NSImage+CMMenuImageRepAdditions.m in Sources */ = {isa = PBXBuildFile; fileRef = A00FBF5217DF67D70083B482 /* NSImage+CMMenuImageRepAdditions.m */; };
		A010F3291784311C003A9E92 /* MyWindow.m in Sources */ = {isa = PBXBuildFile; fileRef = A010F328178430B1003A9E92 /* MyWindow.m */; };
		A010F32C178437F6003A9E92 /* MyCustomWindowView.m in Sources */ = {isa = PBXBuildFile; fileRef = A010F32B17843712003A9E92 /* MyCustomWindowView.m */; };
		A010F32F17845332003A9E92 /* StatusbarItemView.m in Sources */ = {isa = PBXBuildFile; fileRef = A010F32E1784530D003A9E92 /* StatusbarItemView.m */; };
		A010F342178474AB003A9E92 /* CMMenu.m in Sources */ = {isa = PBXBuildFile; fileRef = A010F33D178470DD003A9E92 /* CMMenu.m */; };
		A010F343178474AB003A9E92 /* ChromeMenuUnderlyingWindow.m in Sources */ = {isa = PBXBuildFile; fileRef = A010F33F17847361003A9E92 /* ChromeMenuUnderlyingWindow.m */; };
		A010F344178474AB003A9E92 /* ChromeMenuUnderlyingView.m in Sources */ = {isa = PBXBuildFile; fileRef = A010F341178473F2003A9E92 /* ChromeMenuUnderlyingView.m */; };
		A010F34517847535003A9E92 /* CMMenu.xib in Resources */ = {isa = PBXBuildFile; fileRef = A010F33A17847043003A9E92 /* CMMenu.xib */; };
		A010F3481784856B003A9E92 /* CMMenuItemView.m in Sources */ = {isa = PBXBuildFile; fileRef = A010F34717848515003A9E92 /* CMMenuItemView.m */; };
		A01453BD17833F4D00FFFB39 /* AppInspector.xib in Resources */ = {isa = PBXBuildFile; fileRef = A0154E811782E300008CF159 /* AppInspector.xib */; };
		A01453BE17833F5700FFFB39 /* PopoverContentView.xib in Resources */ = {isa = PBXBuildFile; fileRef = A0154E7F1782E05B008CF159 /* PopoverContentView.xib */; };
		A0154E851782EC6F008CF159 /* AppInspectorController.m in Sources */ = {isa = PBXBuildFile; fileRef = A0154E841782E972008CF159 /* AppInspectorController.m */; };
		A02EA4561759CDA300982A8A /* MyTableCellView.m in Sources */ = {isa = PBXBuildFile; fileRef = A02EA4551759CDA300982A8A /* MyTableCellView.m */; };
		A02EA4591759F2A900982A8A /* MyTableRowView.m in Sources */ = {isa = PBXBuildFile; fileRef = A02EA4581759F2A900982A8A /* MyTableRowView.m */; };
		A0336A7F17DB9E3A004C2DDB /* CMMenuScroller.m in Sources */ = {isa = PBXBuildFile; fileRef = A0336A7E17DB9616004C2DDB /* CMMenuScroller.m */; };
		A0346CBB17882A4E0095A6CF /* CMMenuItemIconView.xib in Resources */ = {isa = PBXBuildFile; fileRef = A0346CB9178827C00095A6CF /* CMMenuItemIconView.xib */; };
		A046C66317E70F0100E4F210 /* CMMenuKeyEventInterpreter.m in Sources */ = {isa = PBXBuildFile; fileRef = A046C66217E7099F00E4F210 /* CMMenuKeyEventInterpreter.m */; };
		A04FA3D3174D4BD9002E688C /* selfprofile.c in Sources */ = {isa = PBXBuildFile; fileRef = A04FA3D2174D4BD9002E688C /* selfprofile.c */; };
		A05A0B0517592618009A12B8 /* MyTableView.m in Sources */ = {isa = PBXBuildFile; fileRef = A05A0B0417592618009A12B8 /* MyTableView.m */; };
		A05A0B0817593112009A12B8 /* MyImageView.m in Sources */ = {isa = PBXBuildFile; fileRef = A05A0B0717593112009A12B8 /* MyImageView.m */; };
		A05A0B0B1759527D009A12B8 /* MySubmenuView.m in Sources */ = {isa = PBXBuildFile; fileRef = A05A0B0A1759527C009A12B8 /* MySubmenuView.m */; };
		A05B78861785837500015156 /* CMMenuItemBackgroundView.m in Sources */ = {isa = PBXBuildFile; fileRef = A05B78851785829900015156 /* CMMenuItemBackgroundView.m */; };
		A05B788917859D6E00015156 /* CMMenuItem.m in Sources */ = {isa = PBXBuildFile; fileRef = A05B788817859CF200015156 /* CMMenuItem.m */; };
		A05B788C1786058A00015156 /* CMTableCellViewId3.xib in Resources */ = {isa = PBXBuildFile; fileRef = A05B788A1786054600015156 /* CMTableCellViewId3.xib */; };
		A063796817492AEF006F2347 /* Cocoa.framework in Frameworks */ = {isa = PBXBuildFile; fileRef = A063796717492AEF006F2347 /* Cocoa.framework */; };
		A063797217492AEF006F2347 /* InfoPlist.strings in Resources */ = {isa = PBXBuildFile; fileRef = A063797017492AEF006F2347 /* InfoPlist.strings */; };
		A063797417492AEF006F2347 /* main.m in Sources */ = {isa = PBXBuildFile; fileRef = A063797317492AEF006F2347 /* main.m */; };
		A063797817492AEF006F2347 /* Credits.rtf in Resources */ = {isa = PBXBuildFile; fileRef = A063797617492AEF006F2347 /* Credits.rtf */; };
		A063797B17492AEF006F2347 /* AppDelegate.m in Sources */ = {isa = PBXBuildFile; fileRef = A063797A17492AEF006F2347 /* AppDelegate.m */; };
		A063797E17492AF0006F2347 /* MainMenu.xib in Resources */ = {isa = PBXBuildFile; fileRef = A063797C17492AF0006F2347 /* MainMenu.xib */; };
		A063798717492D42006F2347 /* clevel.c in Sources */ = {isa = PBXBuildFile; fileRef = A063798617492D42006F2347 /* clevel.c */; };
		A071B69517D8812500D3866E /* XCTest.framework in Frameworks */ = {isa = PBXBuildFile; fileRef = A071B69417D8812500D3866E /* XCTest.framework */; };
		A071B69B17D8812500D3866E /* InfoPlist.strings in Resources */ = {isa = PBXBuildFile; fileRef = A071B69917D8812500D3866E /* InfoPlist.strings */; };
		A071B69D17D8812500D3866E /* Ishimura_Tests.m in Sources */ = {isa = PBXBuildFile; fileRef = A071B69C17D8812500D3866E /* Ishimura_Tests.m */; };
		A07CEC24179D6FFD0016067E /* CMMenuItemSeparatorView.m in Sources */ = {isa = PBXBuildFile; fileRef = A07CEC23179D6FE20016067E /* CMMenuItemSeparatorView.m */; };
		A07CEC25179D70040016067E /* CMMenuItemSeparatorView.xib in Resources */ = {isa = PBXBuildFile; fileRef = A07CEC20179D6F6D0016067E /* CMMenuItemSeparatorView.xib */; };
		A0ADD314174A1438002BAADE /* subroutines.c in Sources */ = {isa = PBXBuildFile; fileRef = A0ADD313174A1438002BAADE /* subroutines.c */; };
		A0ADD317174A24A2002BAADE /* AppsInspector.m in Sources */ = {isa = PBXBuildFile; fileRef = A0ADD316174A24A2002BAADE /* AppsInspector.m */; };
		A0BF7C6B17733C2B002A2141 /* MyTableScrollView.m in Sources */ = {isa = PBXBuildFile; fileRef = A0BF7C6A17733C2B002A2141 /* MyTableScrollView.m */; };
		A0CFFF92175500CB00930DFE /* StatusbarMenuController.m in Sources */ = {isa = PBXBuildFile; fileRef = A0CFFF91175500CA00930DFE /* StatusbarMenuController.m */; };
		A0ED12401790055C00244C3D /* CMWindowController.m in Sources */ = {isa = PBXBuildFile; fileRef = A0ED123F179004D800244C3D /* CMWindowController.m */; };
		A0ED124317900A9000244C3D /* CMScrollDocumentView.m in Sources */ = {isa = PBXBuildFile; fileRef = A0ED124217900A8A00244C3D /* CMScrollDocumentView.m */; };
		A0ED1249179043F900244C3D /* CMMenuItemView.xib in Resources */ = {isa = PBXBuildFile; fileRef = A0ED12451790218700244C3D /* CMMenuItemView.xib */; };
		A0F0DF1D178A05C4008E85EA /* CMTableView.m in Sources */ = {isa = PBXBuildFile; fileRef = A007EAF717870B4E00A7FE8D /* CMTableView.m */; };
/* End PBXBuildFile section */

/* Begin PBXContainerItemProxy section */
		A071B69F17D8812500D3866E /* PBXContainerItemProxy */ = {
			isa = PBXContainerItemProxy;
			containerPortal = A063795C17492AEF006F2347 /* Project object */;
			proxyType = 1;
			remoteGlobalIDString = A063796317492AEF006F2347;
			remoteInfo = Ishimura;
		};
/* End PBXContainerItemProxy section */

/* Begin PBXFileReference section */
		A007EAEE1786B0DA00A7FE8D /* en */ = {isa = PBXFileReference; lastKnownFileType = file.xib; name = en; path = en.lproj/MenuItemView.xib; sourceTree = "<group>"; };
		A007EAEF1786B45A00A7FE8D /* CMTableCellVewOverride.h */ = {isa = PBXFileReference; lastKnownFileType = sourcecode.c.h; name = CMTableCellVewOverride.h; path = Controllers/CMTableCellVewOverride.h; sourceTree = "<group>"; };
		A007EAF01786B45A00A7FE8D /* CMTableCellVewOverride.m */ = {isa = PBXFileReference; lastKnownFileType = sourcecode.c.objc; name = CMTableCellVewOverride.m; path = Controllers/CMTableCellVewOverride.m; sourceTree = "<group>"; };
		A007EAF21786BBE400A7FE8D /* CMMenuItemOverride.h */ = {isa = PBXFileReference; lastKnownFileType = sourcecode.c.h; name = CMMenuItemOverride.h; path = Controllers/CMMenuItemOverride.h; sourceTree = "<group>"; };
		A007EAF31786BBE400A7FE8D /* CMMenuItemOverride.m */ = {isa = PBXFileReference; lastKnownFileType = sourcecode.c.objc; name = CMMenuItemOverride.m; path = Controllers/CMMenuItemOverride.m; sourceTree = "<group>"; };
		A007EAF617870B4D00A7FE8D /* CMTableView.h */ = {isa = PBXFileReference; lastKnownFileType = sourcecode.c.h; name = CMTableView.h; path = ChromeMenu/src/CMTableView.h; sourceTree = SOURCE_ROOT; };
		A007EAF717870B4E00A7FE8D /* CMTableView.m */ = {isa = PBXFileReference; lastKnownFileType = sourcecode.c.objc; name = CMTableView.m; path = ChromeMenu/src/CMTableView.m; sourceTree = SOURCE_ROOT; };
		A00EF47E1793D59E0045ACB5 /* CMScrollView.h */ = {isa = PBXFileReference; lastKnownFileType = sourcecode.c.h; name = CMScrollView.h; path = ChromeMenu/src/CMScrollView.h; sourceTree = SOURCE_ROOT; };
		A00EF47F1793D59E0045ACB5 /* CMScrollView.m */ = {isa = PBXFileReference; lastKnownFileType = sourcecode.c.objc; name = CMScrollView.m; path = ChromeMenu/src/CMScrollView.m; sourceTree = SOURCE_ROOT; };
		A00FBF4C17DF54BF0083B482 /* QuartzCore.framework */ = {isa = PBXFileReference; lastKnownFileType = wrapper.framework; name = QuartzCore.framework; path = System/Library/Frameworks/QuartzCore.framework; sourceTree = SDKROOT; };
		A00FBF5117DF67D70083B482 /* NSImage+CMMenuImageRepAdditions.h */ = {isa = PBXFileReference; lastKnownFileType = sourcecode.c.h; name = "NSImage+CMMenuImageRepAdditions.h"; path = "../ChromeMenu/src/NSImage+CMMenuImageRepAdditions.h"; sourceTree = "<group>"; };
		A00FBF5217DF67D70083B482 /* NSImage+CMMenuImageRepAdditions.m */ = {isa = PBXFileReference; lastKnownFileType = sourcecode.c.objc; name = "NSImage+CMMenuImageRepAdditions.m"; path = "../ChromeMenu/src/NSImage+CMMenuImageRepAdditions.m"; sourceTree = "<group>"; };
		A010F327178430B1003A9E92 /* MyWindow.h */ = {isa = PBXFileReference; lastKnownFileType = sourcecode.c.h; name = MyWindow.h; path = Controllers/MyWindow.h; sourceTree = "<group>"; };
		A010F328178430B1003A9E92 /* MyWindow.m */ = {isa = PBXFileReference; lastKnownFileType = sourcecode.c.objc; name = MyWindow.m; path = Controllers/MyWindow.m; sourceTree = "<group>"; };
		A010F32A17843712003A9E92 /* MyCustomWindowView.h */ = {isa = PBXFileReference; lastKnownFileType = sourcecode.c.h; name = MyCustomWindowView.h; path = Controllers/MyCustomWindowView.h; sourceTree = "<group>"; };
		A010F32B17843712003A9E92 /* MyCustomWindowView.m */ = {isa = PBXFileReference; lastKnownFileType = sourcecode.c.objc; name = MyCustomWindowView.m; path = Controllers/MyCustomWindowView.m; sourceTree = "<group>"; };
		A010F32D1784530D003A9E92 /* StatusbarItemView.h */ = {isa = PBXFileReference; lastKnownFileType = sourcecode.c.h; name = StatusbarItemView.h; path = Controllers/StatusbarItemView.h; sourceTree = "<group>"; };
		A010F32E1784530D003A9E92 /* StatusbarItemView.m */ = {isa = PBXFileReference; lastKnownFileType = sourcecode.c.objc; name = StatusbarItemView.m; path = Controllers/StatusbarItemView.m; sourceTree = "<group>"; };
		A010F33B17847043003A9E92 /* en */ = {isa = PBXFileReference; lastKnownFileType = file.xib; name = en; path = ChromeMenu/en.lproj/CMMenu.xib; sourceTree = SOURCE_ROOT; };
		A010F33C178470DD003A9E92 /* CMMenu.h */ = {isa = PBXFileReference; lastKnownFileType = sourcecode.c.h; name = CMMenu.h; path = ChromeMenu/src/CMMenu.h; sourceTree = SOURCE_ROOT; };
		A010F33D178470DD003A9E92 /* CMMenu.m */ = {isa = PBXFileReference; lastKnownFileType = sourcecode.c.objc; name = CMMenu.m; path = ChromeMenu/src/CMMenu.m; sourceTree = SOURCE_ROOT; };
		A010F33E17847361003A9E92 /* ChromeMenuUnderlyingWindow.h */ = {isa = PBXFileReference; lastKnownFileType = sourcecode.c.h; name = ChromeMenuUnderlyingWindow.h; path = ChromeMenu/src/ChromeMenuUnderlyingWindow.h; sourceTree = SOURCE_ROOT; };
		A010F33F17847361003A9E92 /* ChromeMenuUnderlyingWindow.m */ = {isa = PBXFileReference; lastKnownFileType = sourcecode.c.objc; name = ChromeMenuUnderlyingWindow.m; path = ChromeMenu/src/ChromeMenuUnderlyingWindow.m; sourceTree = SOURCE_ROOT; };
		A010F340178473F2003A9E92 /* ChromeMenuUnderlyingView.h */ = {isa = PBXFileReference; lastKnownFileType = sourcecode.c.h; name = ChromeMenuUnderlyingView.h; path = ChromeMenu/src/ChromeMenuUnderlyingView.h; sourceTree = SOURCE_ROOT; };
		A010F341178473F2003A9E92 /* ChromeMenuUnderlyingView.m */ = {isa = PBXFileReference; lastKnownFileType = sourcecode.c.objc; name = ChromeMenuUnderlyingView.m; path = ChromeMenu/src/ChromeMenuUnderlyingView.m; sourceTree = SOURCE_ROOT; };
		A010F34617848515003A9E92 /* CMMenuItemView.h */ = {isa = PBXFileReference; lastKnownFileType = sourcecode.c.h; name = CMMenuItemView.h; path = ChromeMenu/src/CMMenuItemView.h; sourceTree = SOURCE_ROOT; };
		A010F34717848515003A9E92 /* CMMenuItemView.m */ = {isa = PBXFileReference; lastKnownFileType = sourcecode.c.objc; name = CMMenuItemView.m; path = ChromeMenu/src/CMMenuItemView.m; sourceTree = SOURCE_ROOT; };
		A0154E801782E05B008CF159 /* en */ = {isa = PBXFileReference; lastKnownFileType = file.xib; name = en; path = en.lproj/PopoverContentView.xib; sourceTree = "<group>"; };
		A0154E821782E300008CF159 /* en */ = {isa = PBXFileReference; lastKnownFileType = file.xib; name = en; path = en.lproj/AppInspector.xib; sourceTree = "<group>"; };
		A0154E831782E972008CF159 /* AppInspectorController.h */ = {isa = PBXFileReference; lastKnownFileType = sourcecode.c.h; name = AppInspectorController.h; path = AppInspector/AppInspectorController.h; sourceTree = "<group>"; };
		A0154E841782E972008CF159 /* AppInspectorController.m */ = {isa = PBXFileReference; lastKnownFileType = sourcecode.c.objc; name = AppInspectorController.m; path = AppInspector/AppInspectorController.m; sourceTree = "<group>"; };
		A02EA4541759CDA300982A8A /* MyTableCellView.h */ = {isa = PBXFileReference; fileEncoding = 4; lastKnownFileType = sourcecode.c.h; name = MyTableCellView.h; path = Controllers/MyTableCellView.h; sourceTree = "<group>"; };
		A02EA4551759CDA300982A8A /* MyTableCellView.m */ = {isa = PBXFileReference; fileEncoding = 4; lastKnownFileType = sourcecode.c.objc; name = MyTableCellView.m; path = Controllers/MyTableCellView.m; sourceTree = "<group>"; };
		A02EA4571759F2A900982A8A /* MyTableRowView.h */ = {isa = PBXFileReference; fileEncoding = 4; lastKnownFileType = sourcecode.c.h; name = MyTableRowView.h; path = Controllers/MyTableRowView.h; sourceTree = "<group>"; };
		A02EA4581759F2A900982A8A /* MyTableRowView.m */ = {isa = PBXFileReference; fileEncoding = 4; lastKnownFileType = sourcecode.c.objc; name = MyTableRowView.m; path = Controllers/MyTableRowView.m; sourceTree = "<group>"; };
		A0336A7D17DB9616004C2DDB /* CMMenuScroller.h */ = {isa = PBXFileReference; lastKnownFileType = sourcecode.c.h; name = CMMenuScroller.h; path = ChromeMenu/src/CMMenuScroller.h; sourceTree = SOURCE_ROOT; };
		A0336A7E17DB9616004C2DDB /* CMMenuScroller.m */ = {isa = PBXFileReference; lastKnownFileType = sourcecode.c.objc; name = CMMenuScroller.m; path = ChromeMenu/src/CMMenuScroller.m; sourceTree = SOURCE_ROOT; };
		A0346CBA178827C00095A6CF /* en */ = {isa = PBXFileReference; lastKnownFileType = file.xib; name = en; path = ChromeMenu/en.lproj/CMMenuItemIconView.xib; sourceTree = SOURCE_ROOT; };
		A046C66117E7099F00E4F210 /* CMMenuKeyEventInterpreter.h */ = {isa = PBXFileReference; lastKnownFileType = sourcecode.c.h; name = CMMenuKeyEventInterpreter.h; path = ChromeMenu/src/CMMenuKeyEventInterpreter.h; sourceTree = SOURCE_ROOT; };
		A046C66217E7099F00E4F210 /* CMMenuKeyEventInterpreter.m */ = {isa = PBXFileReference; lastKnownFileType = sourcecode.c.objc; name = CMMenuKeyEventInterpreter.m; path = ChromeMenu/src/CMMenuKeyEventInterpreter.m; sourceTree = SOURCE_ROOT; };
		A04FA3D2174D4BD9002E688C /* selfprofile.c */ = {isa = PBXFileReference; fileEncoding = 4; lastKnownFileType = sourcecode.c.c; name = selfprofile.c; path = C/selfprofile.c; sourceTree = "<group>"; };
		A04FA3D4174D4BF5002E688C /* selfprofile.h */ = {isa = PBXFileReference; fileEncoding = 4; lastKnownFileType = sourcecode.c.h; name = selfprofile.h; path = C/selfprofile.h; sourceTree = "<group>"; };
		A04FA3D5174D552D002E688C /* def.h */ = {isa = PBXFileReference; lastKnownFileType = sourcecode.c.h; name = def.h; path = C/def.h; sourceTree = "<group>"; };
		A05A0B0317592618009A12B8 /* MyTableView.h */ = {isa = PBXFileReference; fileEncoding = 4; lastKnownFileType = sourcecode.c.h; name = MyTableView.h; path = Controllers/MyTableView.h; sourceTree = "<group>"; };
		A05A0B0417592618009A12B8 /* MyTableView.m */ = {isa = PBXFileReference; fileEncoding = 4; lastKnownFileType = sourcecode.c.objc; name = MyTableView.m; path = Controllers/MyTableView.m; sourceTree = "<group>"; };
		A05A0B0617593112009A12B8 /* MyImageView.h */ = {isa = PBXFileReference; fileEncoding = 4; lastKnownFileType = sourcecode.c.h; name = MyImageView.h; path = Controllers/MyImageView.h; sourceTree = "<group>"; };
		A05A0B0717593112009A12B8 /* MyImageView.m */ = {isa = PBXFileReference; fileEncoding = 4; lastKnownFileType = sourcecode.c.objc; name = MyImageView.m; path = Controllers/MyImageView.m; sourceTree = "<group>"; };
		A05A0B091759527C009A12B8 /* MySubmenuView.h */ = {isa = PBXFileReference; fileEncoding = 4; lastKnownFileType = sourcecode.c.h; name = MySubmenuView.h; path = Controllers/MySubmenuView.h; sourceTree = "<group>"; };
		A05A0B0A1759527C009A12B8 /* MySubmenuView.m */ = {isa = PBXFileReference; fileEncoding = 4; lastKnownFileType = sourcecode.c.objc; name = MySubmenuView.m; path = Controllers/MySubmenuView.m; sourceTree = "<group>"; };
		A05B788317857FE600015156 /* ChromeMenu.h */ = {isa = PBXFileReference; lastKnownFileType = sourcecode.c.h; name = ChromeMenu.h; path = ChromeMenu/src/ChromeMenu.h; sourceTree = SOURCE_ROOT; };
		A05B78841785829900015156 /* CMMenuItemBackgroundView.h */ = {isa = PBXFileReference; lastKnownFileType = sourcecode.c.h; name = CMMenuItemBackgroundView.h; path = ChromeMenu/src/CMMenuItemBackgroundView.h; sourceTree = SOURCE_ROOT; };
		A05B78851785829900015156 /* CMMenuItemBackgroundView.m */ = {isa = PBXFileReference; lastKnownFileType = sourcecode.c.objc; name = CMMenuItemBackgroundView.m; path = ChromeMenu/src/CMMenuItemBackgroundView.m; sourceTree = SOURCE_ROOT; };
		A05B788717859CF200015156 /* CMMenuItem.h */ = {isa = PBXFileReference; lastKnownFileType = sourcecode.c.h; name = CMMenuItem.h; path = ChromeMenu/src/CMMenuItem.h; sourceTree = SOURCE_ROOT; };
		A05B788817859CF200015156 /* CMMenuItem.m */ = {isa = PBXFileReference; lastKnownFileType = sourcecode.c.objc; name = CMMenuItem.m; path = ChromeMenu/src/CMMenuItem.m; sourceTree = SOURCE_ROOT; };
		A05B788B1786054600015156 /* en */ = {isa = PBXFileReference; lastKnownFileType = file.xib; name = en; path = ChromeMenu/en.lproj/CMTableCellViewId3.xib; sourceTree = SOURCE_ROOT; };
		A063796417492AEF006F2347 /* Ishimura.app */ = {isa = PBXFileReference; explicitFileType = wrapper.application; includeInIndex = 0; path = Ishimura.app; sourceTree = BUILT_PRODUCTS_DIR; };
		A063796717492AEF006F2347 /* Cocoa.framework */ = {isa = PBXFileReference; lastKnownFileType = wrapper.framework; name = Cocoa.framework; path = System/Library/Frameworks/Cocoa.framework; sourceTree = SDKROOT; };
		A063796A17492AEF006F2347 /* AppKit.framework */ = {isa = PBXFileReference; lastKnownFileType = wrapper.framework; name = AppKit.framework; path = System/Library/Frameworks/AppKit.framework; sourceTree = SDKROOT; };
		A063796B17492AEF006F2347 /* CoreData.framework */ = {isa = PBXFileReference; lastKnownFileType = wrapper.framework; name = CoreData.framework; path = System/Library/Frameworks/CoreData.framework; sourceTree = SDKROOT; };
		A063796C17492AEF006F2347 /* Foundation.framework */ = {isa = PBXFileReference; lastKnownFileType = wrapper.framework; name = Foundation.framework; path = System/Library/Frameworks/Foundation.framework; sourceTree = SDKROOT; };
		A063796F17492AEF006F2347 /* Ishimura-Info.plist */ = {isa = PBXFileReference; lastKnownFileType = text.plist.xml; path = "Ishimura-Info.plist"; sourceTree = "<group>"; };
		A063797117492AEF006F2347 /* en */ = {isa = PBXFileReference; lastKnownFileType = text.plist.strings; name = en; path = en.lproj/InfoPlist.strings; sourceTree = "<group>"; };
		A063797317492AEF006F2347 /* main.m */ = {isa = PBXFileReference; lastKnownFileType = sourcecode.c.objc; path = main.m; sourceTree = "<group>"; };
		A063797517492AEF006F2347 /* Ishimura-Prefix.pch */ = {isa = PBXFileReference; lastKnownFileType = sourcecode.c.h; path = "Ishimura-Prefix.pch"; sourceTree = "<group>"; };
		A063797717492AEF006F2347 /* en */ = {isa = PBXFileReference; lastKnownFileType = text.rtf; name = en; path = en.lproj/Credits.rtf; sourceTree = "<group>"; };
		A063797917492AEF006F2347 /* AppDelegate.h */ = {isa = PBXFileReference; lastKnownFileType = sourcecode.c.h; path = AppDelegate.h; sourceTree = "<group>"; };
		A063797A17492AEF006F2347 /* AppDelegate.m */ = {isa = PBXFileReference; lastKnownFileType = sourcecode.c.objc; path = AppDelegate.m; sourceTree = "<group>"; };
		A063797D17492AF0006F2347 /* en */ = {isa = PBXFileReference; lastKnownFileType = file.xib; name = en; path = en.lproj/MainMenu.xib; sourceTree = "<group>"; };
		A063798517492D19006F2347 /* clevel.h */ = {isa = PBXFileReference; lastKnownFileType = sourcecode.c.h; name = clevel.h; path = C/clevel.h; sourceTree = "<group>"; };
		A063798617492D42006F2347 /* clevel.c */ = {isa = PBXFileReference; fileEncoding = 4; lastKnownFileType = sourcecode.c.c; name = clevel.c; path = C/clevel.c; sourceTree = "<group>"; };
		A071B69317D8812500D3866E /* Ishimura Tests.xctest */ = {isa = PBXFileReference; explicitFileType = wrapper.cfbundle; includeInIndex = 0; path = "Ishimura Tests.xctest"; sourceTree = BUILT_PRODUCTS_DIR; };
		A071B69417D8812500D3866E /* XCTest.framework */ = {isa = PBXFileReference; lastKnownFileType = wrapper.framework; name = XCTest.framework; path = Library/Frameworks/XCTest.framework; sourceTree = DEVELOPER_DIR; };
		A071B69817D8812500D3866E /* Ishimura Tests-Info.plist */ = {isa = PBXFileReference; lastKnownFileType = text.plist.xml; path = "Ishimura Tests-Info.plist"; sourceTree = "<group>"; };
		A071B69A17D8812500D3866E /* en */ = {isa = PBXFileReference; lastKnownFileType = text.plist.strings; name = en; path = en.lproj/InfoPlist.strings; sourceTree = "<group>"; };
		A071B69C17D8812500D3866E /* Ishimura_Tests.m */ = {isa = PBXFileReference; lastKnownFileType = sourcecode.c.objc; path = Ishimura_Tests.m; sourceTree = "<group>"; };
		A071B69E17D8812500D3866E /* Ishimura Tests-Prefix.pch */ = {isa = PBXFileReference; lastKnownFileType = sourcecode.c.h; path = "Ishimura Tests-Prefix.pch"; sourceTree = "<group>"; };
		A07CEC21179D6F6D0016067E /* en */ = {isa = PBXFileReference; lastKnownFileType = file.xib; name = en; path = ChromeMenu/en.lproj/CMMenuItemSeparatorView.xib; sourceTree = SOURCE_ROOT; };
		A07CEC22179D6FE20016067E /* CMMenuItemSeparatorView.h */ = {isa = PBXFileReference; lastKnownFileType = sourcecode.c.h; name = CMMenuItemSeparatorView.h; path = ChromeMenu/src/CMMenuItemSeparatorView.h; sourceTree = SOURCE_ROOT; };
		A07CEC23179D6FE20016067E /* CMMenuItemSeparatorView.m */ = {isa = PBXFileReference; lastKnownFileType = sourcecode.c.objc; name = CMMenuItemSeparatorView.m; path = ChromeMenu/src/CMMenuItemSeparatorView.m; sourceTree = SOURCE_ROOT; };
		A0ADD312174A142A002BAADE /* subroutines.h */ = {isa = PBXFileReference; lastKnownFileType = sourcecode.c.h; name = subroutines.h; path = C/subroutines.h; sourceTree = "<group>"; };
		A0ADD313174A1438002BAADE /* subroutines.c */ = {isa = PBXFileReference; fileEncoding = 4; lastKnownFileType = sourcecode.c.c; name = subroutines.c; path = C/subroutines.c; sourceTree = "<group>"; };
		A0ADD315174A24A2002BAADE /* AppsInspector.h */ = {isa = PBXFileReference; fileEncoding = 4; lastKnownFileType = sourcecode.c.h; name = AppsInspector.h; path = Controllers/AppsInspector.h; sourceTree = "<group>"; };
		A0ADD316174A24A2002BAADE /* AppsInspector.m */ = {isa = PBXFileReference; fileEncoding = 4; lastKnownFileType = sourcecode.c.objc; name = AppsInspector.m; path = Controllers/AppsInspector.m; sourceTree = "<group>"; };
		A0BF7C6917733C2B002A2141 /* MyTableScrollView.h */ = {isa = PBXFileReference; fileEncoding = 4; lastKnownFileType = sourcecode.c.h; name = MyTableScrollView.h; path = Controllers/MyTableScrollView.h; sourceTree = "<group>"; };
		A0BF7C6A17733C2B002A2141 /* MyTableScrollView.m */ = {isa = PBXFileReference; fileEncoding = 4; lastKnownFileType = sourcecode.c.objc; name = MyTableScrollView.m; path = Controllers/MyTableScrollView.m; sourceTree = "<group>"; };
		A0CFFF90175500CA00930DFE /* StatusbarMenuController.h */ = {isa = PBXFileReference; fileEncoding = 4; lastKnownFileType = sourcecode.c.h; name = StatusbarMenuController.h; path = Controllers/StatusbarMenuController.h; sourceTree = "<group>"; };
		A0CFFF91175500CA00930DFE /* StatusbarMenuController.m */ = {isa = PBXFileReference; fileEncoding = 4; lastKnownFileType = sourcecode.c.objc; name = StatusbarMenuController.m; path = Controllers/StatusbarMenuController.m; sourceTree = "<group>"; };
		A0ED123E179004D800244C3D /* CMWindowController.h */ = {isa = PBXFileReference; lastKnownFileType = sourcecode.c.h; name = CMWindowController.h; path = ChromeMenu/src/CMWindowController.h; sourceTree = SOURCE_ROOT; };
		A0ED123F179004D800244C3D /* CMWindowController.m */ = {isa = PBXFileReference; lastKnownFileType = sourcecode.c.objc; name = CMWindowController.m; path = ChromeMenu/src/CMWindowController.m; sourceTree = SOURCE_ROOT; };
		A0ED124117900A8A00244C3D /* CMScrollDocumentView.h */ = {isa = PBXFileReference; lastKnownFileType = sourcecode.c.h; name = CMScrollDocumentView.h; path = ChromeMenu/src/CMScrollDocumentView.h; sourceTree = SOURCE_ROOT; };
		A0ED124217900A8A00244C3D /* CMScrollDocumentView.m */ = {isa = PBXFileReference; lastKnownFileType = sourcecode.c.objc; name = CMScrollDocumentView.m; path = ChromeMenu/src/CMScrollDocumentView.m; sourceTree = SOURCE_ROOT; };
		A0ED1244179016A900244C3D /* CMMenuItem+InternalMethods.h */ = {isa = PBXFileReference; lastKnownFileType = sourcecode.c.h; name = "CMMenuItem+InternalMethods.h"; path = "ChromeMenu/src/CMMenuItem+InternalMethods.h"; sourceTree = SOURCE_ROOT; };
		A0ED12461790218700244C3D /* en */ = {isa = PBXFileReference; lastKnownFileType = file.xib; name = en; path = ChromeMenu/en.lproj/CMMenuItemView.xib; sourceTree = SOURCE_ROOT; };
		A0ED1248179040ED00244C3D /* CMMenu+InternalMethods.h */ = {isa = PBXFileReference; lastKnownFileType = sourcecode.c.h; name = "CMMenu+InternalMethods.h"; path = "ChromeMenu/src/CMMenu+InternalMethods.h"; sourceTree = SOURCE_ROOT; };
		A0F03057179A96FC000C767D /* CMMenuItemView+InternalMethods.h */ = {isa = PBXFileReference; lastKnownFileType = sourcecode.c.h; name = "CMMenuItemView+InternalMethods.h"; path = "ChromeMenu/src/CMMenuItemView+InternalMethods.h"; sourceTree = SOURCE_ROOT; };
		A0FD2889179BE92900740A12 /* CMMenuEventTypes.h */ = {isa = PBXFileReference; lastKnownFileType = sourcecode.c.h; name = CMMenuEventTypes.h; path = ChromeMenu/src/CMMenuEventTypes.h; sourceTree = SOURCE_ROOT; };
/* End PBXFileReference section */

/* Begin PBXFrameworksBuildPhase section */
		A063796117492AEF006F2347 /* Frameworks */ = {
			isa = PBXFrameworksBuildPhase;
			buildActionMask = 2147483647;
			files = (
				A00FBF4D17DF54BF0083B482 /* QuartzCore.framework in Frameworks */,
				A063796817492AEF006F2347 /* Cocoa.framework in Frameworks */,
			);
			runOnlyForDeploymentPostprocessing = 0;
		};
		A071B69017D8812500D3866E /* Frameworks */ = {
			isa = PBXFrameworksBuildPhase;
			buildActionMask = 2147483647;
			files = (
				A071B69517D8812500D3866E /* XCTest.framework in Frameworks */,
			);
			runOnlyForDeploymentPostprocessing = 0;
		};
/* End PBXFrameworksBuildPhase section */

/* Begin PBXGroup section */
		A010F33717846F5E003A9E92 /* ChromeMenu */ = {
			isa = PBXGroup;
			children = (
				A010F33817846F6A003A9E92 /* src */,
				A010F33917846F6E003A9E92 /* Resources */,
			);
			name = ChromeMenu;
			sourceTree = "<group>";
		};
		A010F33817846F6A003A9E92 /* src */ = {
			isa = PBXGroup;
			children = (
				A05B788317857FE600015156 /* ChromeMenu.h */,
				A010F33C178470DD003A9E92 /* CMMenu.h */,
				A010F33D178470DD003A9E92 /* CMMenu.m */,
				A05B788717859CF200015156 /* CMMenuItem.h */,
				A05B788817859CF200015156 /* CMMenuItem.m */,
				A0ED1248179040ED00244C3D /* CMMenu+InternalMethods.h */,
				A0ED1244179016A900244C3D /* CMMenuItem+InternalMethods.h */,
				A0F03057179A96FC000C767D /* CMMenuItemView+InternalMethods.h */,
				A0FD2889179BE92900740A12 /* CMMenuEventTypes.h */,
				A0ED123E179004D800244C3D /* CMWindowController.h */,
				A0ED123F179004D800244C3D /* CMWindowController.m */,
				A010F33E17847361003A9E92 /* ChromeMenuUnderlyingWindow.h */,
				A010F33F17847361003A9E92 /* ChromeMenuUnderlyingWindow.m */,
				A010F340178473F2003A9E92 /* ChromeMenuUnderlyingView.h */,
				A010F341178473F2003A9E92 /* ChromeMenuUnderlyingView.m */,
				A0ED124117900A8A00244C3D /* CMScrollDocumentView.h */,
				A0ED124217900A8A00244C3D /* CMScrollDocumentView.m */,
				A00EF47E1793D59E0045ACB5 /* CMScrollView.h */,
				A00EF47F1793D59E0045ACB5 /* CMScrollView.m */,
				A007EAF617870B4D00A7FE8D /* CMTableView.h */,
				A007EAF717870B4E00A7FE8D /* CMTableView.m */,
				A010F34617848515003A9E92 /* CMMenuItemView.h */,
				A010F34717848515003A9E92 /* CMMenuItemView.m */,
				A07CEC22179D6FE20016067E /* CMMenuItemSeparatorView.h */,
				A07CEC23179D6FE20016067E /* CMMenuItemSeparatorView.m */,
				A0336A7D17DB9616004C2DDB /* CMMenuScroller.h */,
				A0336A7E17DB9616004C2DDB /* CMMenuScroller.m */,
				A00FBF5117DF67D70083B482 /* NSImage+CMMenuImageRepAdditions.h */,
				A00FBF5217DF67D70083B482 /* NSImage+CMMenuImageRepAdditions.m */,
				A046C66117E7099F00E4F210 /* CMMenuKeyEventInterpreter.h */,
				A046C66217E7099F00E4F210 /* CMMenuKeyEventInterpreter.m */,
				A05B78841785829900015156 /* CMMenuItemBackgroundView.h */,
				A05B78851785829900015156 /* CMMenuItemBackgroundView.m */,
			);
			name = src;
			sourceTree = "<group>";
		};
		A010F33917846F6E003A9E92 /* Resources */ = {
			isa = PBXGroup;
			children = (
				A010F33A17847043003A9E92 /* CMMenu.xib */,
				A0ED12451790218700244C3D /* CMMenuItemView.xib */,
				A0346CB9178827C00095A6CF /* CMMenuItemIconView.xib */,
				A07CEC20179D6F6D0016067E /* CMMenuItemSeparatorView.xib */,
				A05B788A1786054600015156 /* CMTableCellViewId3.xib */,
			);
			name = Resources;
			sourceTree = "<group>";
		};
		A0154E7C1782DEDA008CF159 /* AppInspector */ = {
			isa = PBXGroup;
			children = (
				A0154E7E1782DF37008CF159 /* src */,
				A0154E7D1782DF16008CF159 /* Resources */,
			);
			name = AppInspector;
			sourceTree = "<group>";
		};
		A0154E7D1782DF16008CF159 /* Resources */ = {
			isa = PBXGroup;
			children = (
				A0154E811782E300008CF159 /* AppInspector.xib */,
				A0154E7F1782E05B008CF159 /* PopoverContentView.xib */,
			);
			name = Resources;
			sourceTree = "<group>";
		};
		A0154E7E1782DF37008CF159 /* src */ = {
			isa = PBXGroup;
			children = (
				A0154E831782E972008CF159 /* AppInspectorController.h */,
				A0154E841782E972008CF159 /* AppInspectorController.m */,
			);
			name = src;
			sourceTree = "<group>";
		};
		A063795B17492AEF006F2347 = {
			isa = PBXGroup;
			children = (
				A063796D17492AEF006F2347 /* Ishimura */,
				A071B69617D8812500D3866E /* Ishimura Tests */,
				A063796617492AEF006F2347 /* Frameworks */,
				A063796517492AEF006F2347 /* Products */,
			);
			sourceTree = "<group>";
		};
		A063796517492AEF006F2347 /* Products */ = {
			isa = PBXGroup;
			children = (
				A063796417492AEF006F2347 /* Ishimura.app */,
				A071B69317D8812500D3866E /* Ishimura Tests.xctest */,
			);
			name = Products;
			sourceTree = "<group>";
		};
		A063796617492AEF006F2347 /* Frameworks */ = {
			isa = PBXGroup;
			children = (
				A00FBF4C17DF54BF0083B482 /* QuartzCore.framework */,
				A063796717492AEF006F2347 /* Cocoa.framework */,
				A071B69417D8812500D3866E /* XCTest.framework */,
				A063796917492AEF006F2347 /* Other Frameworks */,
			);
			name = Frameworks;
			sourceTree = "<group>";
		};
		A063796917492AEF006F2347 /* Other Frameworks */ = {
			isa = PBXGroup;
			children = (
				A063796A17492AEF006F2347 /* AppKit.framework */,
				A063796B17492AEF006F2347 /* CoreData.framework */,
				A063796C17492AEF006F2347 /* Foundation.framework */,
			);
			name = "Other Frameworks";
			sourceTree = "<group>";
		};
		A063796D17492AEF006F2347 /* Ishimura */ = {
			isa = PBXGroup;
			children = (
				A010F33717846F5E003A9E92 /* ChromeMenu */,
				A063797917492AEF006F2347 /* AppDelegate.h */,
				A063797A17492AEF006F2347 /* AppDelegate.m */,
				A0ADD315174A24A2002BAADE /* AppsInspector.h */,
				A0ADD316174A24A2002BAADE /* AppsInspector.m */,
				A0CFFF90175500CA00930DFE /* StatusbarMenuController.h */,
				A0CFFF91175500CA00930DFE /* StatusbarMenuController.m */,
				A05A0B091759527C009A12B8 /* MySubmenuView.h */,
				A05A0B0A1759527C009A12B8 /* MySubmenuView.m */,
				A05A0B0317592618009A12B8 /* MyTableView.h */,
				A05A0B0417592618009A12B8 /* MyTableView.m */,
				A0BF7C6917733C2B002A2141 /* MyTableScrollView.h */,
				A0BF7C6A17733C2B002A2141 /* MyTableScrollView.m */,
				A02EA4541759CDA300982A8A /* MyTableCellView.h */,
				A02EA4551759CDA300982A8A /* MyTableCellView.m */,
				A05A0B0617593112009A12B8 /* MyImageView.h */,
				A05A0B0717593112009A12B8 /* MyImageView.m */,
				A02EA4571759F2A900982A8A /* MyTableRowView.h */,
				A02EA4581759F2A900982A8A /* MyTableRowView.m */,
				A010F327178430B1003A9E92 /* MyWindow.h */,
				A010F328178430B1003A9E92 /* MyWindow.m */,
				A010F32A17843712003A9E92 /* MyCustomWindowView.h */,
				A010F32B17843712003A9E92 /* MyCustomWindowView.m */,
				A010F32D1784530D003A9E92 /* StatusbarItemView.h */,
				A010F32E1784530D003A9E92 /* StatusbarItemView.m */,
				A007EAEF1786B45A00A7FE8D /* CMTableCellVewOverride.h */,
				A007EAF01786B45A00A7FE8D /* CMTableCellVewOverride.m */,
				A007EAF21786BBE400A7FE8D /* CMMenuItemOverride.h */,
				A007EAF31786BBE400A7FE8D /* CMMenuItemOverride.m */,
				A063797317492AEF006F2347 /* main.m */,
				A0154E7C1782DEDA008CF159 /* AppInspector */,
				A063798417492CCB006F2347 /* C */,
				A063796E17492AEF006F2347 /* Supporting Files */,
			);
			name = Ishimura;
			path = cpulim;
			sourceTree = "<group>";
		};
		A063796E17492AEF006F2347 /* Supporting Files */ = {
			isa = PBXGroup;
			children = (
				A063797C17492AF0006F2347 /* MainMenu.xib */,
				A063796F17492AEF006F2347 /* Ishimura-Info.plist */,
				A063797017492AEF006F2347 /* InfoPlist.strings */,
				A063797517492AEF006F2347 /* Ishimura-Prefix.pch */,
				A063797617492AEF006F2347 /* Credits.rtf */,
				A007EAED1786B0DA00A7FE8D /* MenuItemView.xib */,
			);
			name = "Supporting Files";
			sourceTree = "<group>";
		};
		A063798417492CCB006F2347 /* C */ = {
			isa = PBXGroup;
			children = (
				A063798517492D19006F2347 /* clevel.h */,
				A063798617492D42006F2347 /* clevel.c */,
				A0ADD312174A142A002BAADE /* subroutines.h */,
				A0ADD313174A1438002BAADE /* subroutines.c */,
				A04FA3D4174D4BF5002E688C /* selfprofile.h */,
				A04FA3D2174D4BD9002E688C /* selfprofile.c */,
				A04FA3D5174D552D002E688C /* def.h */,
			);
			name = C;
			sourceTree = "<group>";
		};
		A071B69617D8812500D3866E /* Ishimura Tests */ = {
			isa = PBXGroup;
			children = (
				A071B69C17D8812500D3866E /* Ishimura_Tests.m */,
				A071B69717D8812500D3866E /* Supporting Files */,
			);
			path = "Ishimura Tests";
			sourceTree = "<group>";
		};
		A071B69717D8812500D3866E /* Supporting Files */ = {
			isa = PBXGroup;
			children = (
				A071B69817D8812500D3866E /* Ishimura Tests-Info.plist */,
				A071B69917D8812500D3866E /* InfoPlist.strings */,
				A071B69E17D8812500D3866E /* Ishimura Tests-Prefix.pch */,
			);
			name = "Supporting Files";
			sourceTree = "<group>";
		};
/* End PBXGroup section */

/* Begin PBXNativeTarget section */
		A063796317492AEF006F2347 /* Ishimura */ = {
			isa = PBXNativeTarget;
			buildConfigurationList = A063798117492AF0006F2347 /* Build configuration list for PBXNativeTarget "Ishimura" */;
			buildPhases = (
				A063796017492AEF006F2347 /* Sources */,
				A063796117492AEF006F2347 /* Frameworks */,
				A063796217492AEF006F2347 /* Resources */,
			);
			buildRules = (
			);
			dependencies = (
			);
			name = Ishimura;
			productName = cpulim;
			productReference = A063796417492AEF006F2347 /* Ishimura.app */;
			productType = "com.apple.product-type.application";
		};
		A071B69217D8812500D3866E /* Ishimura Tests */ = {
			isa = PBXNativeTarget;
			buildConfigurationList = A071B6A117D8812500D3866E /* Build configuration list for PBXNativeTarget "Ishimura Tests" */;
			buildPhases = (
				A071B68F17D8812500D3866E /* Sources */,
				A071B69017D8812500D3866E /* Frameworks */,
				A071B69117D8812500D3866E /* Resources */,
			);
			buildRules = (
			);
			dependencies = (
				A071B6A017D8812500D3866E /* PBXTargetDependency */,
			);
			name = "Ishimura Tests";
			productName = "Ishimura Tests";
			productReference = A071B69317D8812500D3866E /* Ishimura Tests.xctest */;
			productType = "com.apple.product-type.bundle.unit-test";
		};
/* End PBXNativeTarget section */

/* Begin PBXProject section */
		A063795C17492AEF006F2347 /* Project object */ = {
			isa = PBXProject;
			attributes = {
				LastUpgradeCheck = 0460;
				ORGANIZATIONNAME = "Maksym Stefanchuk";
				TargetAttributes = {
					A071B69217D8812500D3866E = {
						TestTargetID = A063796317492AEF006F2347;
					};
				};
			};
			buildConfigurationList = A063795F17492AEF006F2347 /* Build configuration list for PBXProject "Ishimura" */;
			compatibilityVersion = "Xcode 3.2";
			developmentRegion = English;
			hasScannedForEncodings = 0;
			knownRegions = (
				en,
			);
			mainGroup = A063795B17492AEF006F2347;
			productRefGroup = A063796517492AEF006F2347 /* Products */;
			projectDirPath = "";
			projectRoot = "";
			targets = (
				A063796317492AEF006F2347 /* Ishimura */,
				A071B69217D8812500D3866E /* Ishimura Tests */,
			);
		};
/* End PBXProject section */

/* Begin PBXResourcesBuildPhase section */
		A063796217492AEF006F2347 /* Resources */ = {
			isa = PBXResourcesBuildPhase;
			buildActionMask = 2147483647;
			files = (
				A07CEC25179D70040016067E /* CMMenuItemSeparatorView.xib in Resources */,
				A0ED1249179043F900244C3D /* CMMenuItemView.xib in Resources */,
				A0346CBB17882A4E0095A6CF /* CMMenuItemIconView.xib in Resources */,
				A007EAF51786CA5500A7FE8D /* MenuItemView.xib in Resources */,
				A05B788C1786058A00015156 /* CMTableCellViewId3.xib in Resources */,
				A010F34517847535003A9E92 /* CMMenu.xib in Resources */,
				A01453BE17833F5700FFFB39 /* PopoverContentView.xib in Resources */,
				A01453BD17833F4D00FFFB39 /* AppInspector.xib in Resources */,
				A063797217492AEF006F2347 /* InfoPlist.strings in Resources */,
				A063797817492AEF006F2347 /* Credits.rtf in Resources */,
				A063797E17492AF0006F2347 /* MainMenu.xib in Resources */,
			);
			runOnlyForDeploymentPostprocessing = 0;
		};
		A071B69117D8812500D3866E /* Resources */ = {
			isa = PBXResourcesBuildPhase;
			buildActionMask = 2147483647;
			files = (
				A071B69B17D8812500D3866E /* InfoPlist.strings in Resources */,
			);
			runOnlyForDeploymentPostprocessing = 0;
		};
/* End PBXResourcesBuildPhase section */

/* Begin PBXSourcesBuildPhase section */
		A063796017492AEF006F2347 /* Sources */ = {
			isa = PBXSourcesBuildPhase;
			buildActionMask = 2147483647;
			files = (
				A046C66317E70F0100E4F210 /* CMMenuKeyEventInterpreter.m in Sources */,
				A00FBF5317DF68280083B482 /* NSImage+CMMenuImageRepAdditions.m in Sources */,
				A0336A7F17DB9E3A004C2DDB /* CMMenuScroller.m in Sources */,
				A07CEC24179D6FFD0016067E /* CMMenuItemSeparatorView.m in Sources */,
				A00EF4801793D5A50045ACB5 /* CMScrollView.m in Sources */,
				A0ED124317900A9000244C3D /* CMScrollDocumentView.m in Sources */,
				A0ED12401790055C00244C3D /* CMWindowController.m in Sources */,
				A0F0DF1D178A05C4008E85EA /* CMTableView.m in Sources */,
				A007EAF41786BBF000A7FE8D /* CMMenuItemOverride.m in Sources */,
				A007EAF11786B46B00A7FE8D /* CMTableCellVewOverride.m in Sources */,
				A05B788917859D6E00015156 /* CMMenuItem.m in Sources */,
				A05B78861785837500015156 /* CMMenuItemBackgroundView.m in Sources */,
				A010F3481784856B003A9E92 /* CMMenuItemView.m in Sources */,
				A010F342178474AB003A9E92 /* CMMenu.m in Sources */,
				A010F343178474AB003A9E92 /* ChromeMenuUnderlyingWindow.m in Sources */,
				A010F344178474AB003A9E92 /* ChromeMenuUnderlyingView.m in Sources */,
				A010F32F17845332003A9E92 /* StatusbarItemView.m in Sources */,
				A010F32C178437F6003A9E92 /* MyCustomWindowView.m in Sources */,
				A010F3291784311C003A9E92 /* MyWindow.m in Sources */,
				A063797417492AEF006F2347 /* main.m in Sources */,
				A063797B17492AEF006F2347 /* AppDelegate.m in Sources */,
				A063798717492D42006F2347 /* clevel.c in Sources */,
				A0ADD314174A1438002BAADE /* subroutines.c in Sources */,
				A0ADD317174A24A2002BAADE /* AppsInspector.m in Sources */,
				A04FA3D3174D4BD9002E688C /* selfprofile.c in Sources */,
				A0CFFF92175500CB00930DFE /* StatusbarMenuController.m in Sources */,
				A05A0B0517592618009A12B8 /* MyTableView.m in Sources */,
				A05A0B0817593112009A12B8 /* MyImageView.m in Sources */,
				A05A0B0B1759527D009A12B8 /* MySubmenuView.m in Sources */,
				A02EA4561759CDA300982A8A /* MyTableCellView.m in Sources */,
				A02EA4591759F2A900982A8A /* MyTableRowView.m in Sources */,
				A0BF7C6B17733C2B002A2141 /* MyTableScrollView.m in Sources */,
				A0154E851782EC6F008CF159 /* AppInspectorController.m in Sources */,
			);
			runOnlyForDeploymentPostprocessing = 0;
		};
		A071B68F17D8812500D3866E /* Sources */ = {
			isa = PBXSourcesBuildPhase;
			buildActionMask = 2147483647;
			files = (
				A071B69D17D8812500D3866E /* Ishimura_Tests.m in Sources */,
			);
			runOnlyForDeploymentPostprocessing = 0;
		};
/* End PBXSourcesBuildPhase section */

/* Begin PBXTargetDependency section */
		A071B6A017D8812500D3866E /* PBXTargetDependency */ = {
			isa = PBXTargetDependency;
			target = A063796317492AEF006F2347 /* Ishimura */;
			targetProxy = A071B69F17D8812500D3866E /* PBXContainerItemProxy */;
		};
/* End PBXTargetDependency section */

/* Begin PBXVariantGroup section */
		A007EAED1786B0DA00A7FE8D /* MenuItemView.xib */ = {
			isa = PBXVariantGroup;
			children = (
				A007EAEE1786B0DA00A7FE8D /* en */,
			);
			name = MenuItemView.xib;
			sourceTree = "<group>";
		};
		A010F33A17847043003A9E92 /* CMMenu.xib */ = {
			isa = PBXVariantGroup;
			children = (
				A010F33B17847043003A9E92 /* en */,
			);
			name = CMMenu.xib;
			sourceTree = "<group>";
		};
		A0154E7F1782E05B008CF159 /* PopoverContentView.xib */ = {
			isa = PBXVariantGroup;
			children = (
				A0154E801782E05B008CF159 /* en */,
			);
			name = PopoverContentView.xib;
			sourceTree = "<group>";
		};
		A0154E811782E300008CF159 /* AppInspector.xib */ = {
			isa = PBXVariantGroup;
			children = (
				A0154E821782E300008CF159 /* en */,
			);
			name = AppInspector.xib;
			sourceTree = "<group>";
		};
		A0346CB9178827C00095A6CF /* CMMenuItemIconView.xib */ = {
			isa = PBXVariantGroup;
			children = (
				A0346CBA178827C00095A6CF /* en */,
			);
			name = CMMenuItemIconView.xib;
			sourceTree = "<group>";
		};
		A05B788A1786054600015156 /* CMTableCellViewId3.xib */ = {
			isa = PBXVariantGroup;
			children = (
				A05B788B1786054600015156 /* en */,
			);
			name = CMTableCellViewId3.xib;
			sourceTree = "<group>";
		};
		A063797017492AEF006F2347 /* InfoPlist.strings */ = {
			isa = PBXVariantGroup;
			children = (
				A063797117492AEF006F2347 /* en */,
			);
			name = InfoPlist.strings;
			sourceTree = "<group>";
		};
		A063797617492AEF006F2347 /* Credits.rtf */ = {
			isa = PBXVariantGroup;
			children = (
				A063797717492AEF006F2347 /* en */,
			);
			name = Credits.rtf;
			sourceTree = "<group>";
		};
		A063797C17492AF0006F2347 /* MainMenu.xib */ = {
			isa = PBXVariantGroup;
			children = (
				A063797D17492AF0006F2347 /* en */,
			);
			name = MainMenu.xib;
			sourceTree = "<group>";
		};
		A071B69917D8812500D3866E /* InfoPlist.strings */ = {
			isa = PBXVariantGroup;
			children = (
				A071B69A17D8812500D3866E /* en */,
			);
			name = InfoPlist.strings;
			sourceTree = "<group>";
		};
		A07CEC20179D6F6D0016067E /* CMMenuItemSeparatorView.xib */ = {
			isa = PBXVariantGroup;
			children = (
				A07CEC21179D6F6D0016067E /* en */,
			);
			name = CMMenuItemSeparatorView.xib;
			sourceTree = "<group>";
		};
		A0ED12451790218700244C3D /* CMMenuItemView.xib */ = {
			isa = PBXVariantGroup;
			children = (
				A0ED12461790218700244C3D /* en */,
			);
			name = CMMenuItemView.xib;
			sourceTree = "<group>";
		};
/* End PBXVariantGroup section */

/* Begin XCBuildConfiguration section */
		A063797F17492AF0006F2347 /* Debug */ = {
			isa = XCBuildConfiguration;
			buildSettings = {
				ALWAYS_SEARCH_USER_PATHS = NO;
				ARCHS = "$(ARCHS_STANDARD_64_BIT)";
				CLANG_CXX_LANGUAGE_STANDARD = "gnu++0x";
				CLANG_CXX_LIBRARY = "libc++";
				CLANG_WARN_CONSTANT_CONVERSION = YES;
				CLANG_WARN_EMPTY_BODY = YES;
				CLANG_WARN_ENUM_CONVERSION = YES;
				CLANG_WARN_INT_CONVERSION = YES;
				CLANG_WARN__DUPLICATE_METHOD_MATCH = YES;
				COPY_PHASE_STRIP = NO;
				GCC_C_LANGUAGE_STANDARD = gnu99;
				GCC_DYNAMIC_NO_PIC = NO;
				GCC_ENABLE_OBJC_EXCEPTIONS = YES;
				GCC_OPTIMIZATION_LEVEL = 0;
				GCC_PREPROCESSOR_DEFINITIONS = (
					"DEBUG=1",
					"$(inherited)",
				);
				GCC_SYMBOLS_PRIVATE_EXTERN = NO;
				GCC_WARN_64_TO_32_BIT_CONVERSION = YES;
				GCC_WARN_ABOUT_RETURN_TYPE = YES;
				GCC_WARN_UNINITIALIZED_AUTOS = YES;
				GCC_WARN_UNUSED_VARIABLE = YES;
				MACOSX_DEPLOYMENT_TARGET = 10.7;
				ONLY_ACTIVE_ARCH = YES;
				SDKROOT = macosx;
			};
			name = Debug;
		};
		A063798017492AF0006F2347 /* Release */ = {
			isa = XCBuildConfiguration;
			buildSettings = {
				ALWAYS_SEARCH_USER_PATHS = NO;
				ARCHS = "$(ARCHS_STANDARD_64_BIT)";
				CLANG_CXX_LANGUAGE_STANDARD = "gnu++0x";
				CLANG_CXX_LIBRARY = "libc++";
				CLANG_WARN_CONSTANT_CONVERSION = YES;
				CLANG_WARN_EMPTY_BODY = YES;
				CLANG_WARN_ENUM_CONVERSION = YES;
				CLANG_WARN_INT_CONVERSION = YES;
				CLANG_WARN__DUPLICATE_METHOD_MATCH = YES;
				COPY_PHASE_STRIP = YES;
				DEBUG_INFORMATION_FORMAT = "dwarf-with-dsym";
				GCC_C_LANGUAGE_STANDARD = gnu99;
				GCC_ENABLE_OBJC_EXCEPTIONS = YES;
				GCC_WARN_64_TO_32_BIT_CONVERSION = YES;
				GCC_WARN_ABOUT_RETURN_TYPE = YES;
				GCC_WARN_UNINITIALIZED_AUTOS = YES;
				GCC_WARN_UNUSED_VARIABLE = YES;
				MACOSX_DEPLOYMENT_TARGET = 10.7;
				SDKROOT = macosx;
			};
			name = Release;
		};
		A063798217492AF0006F2347 /* Debug */ = {
			isa = XCBuildConfiguration;
			buildSettings = {
				COMBINE_HIDPI_IMAGES = YES;
				GCC_PRECOMPILE_PREFIX_HEADER = YES;
				GCC_PREFIX_HEADER = "cpulim/Ishimura-Prefix.pch";
				INFOPLIST_FILE = "cpulim/Ishimura-Info.plist";
				MACOSX_DEPLOYMENT_TARGET = 10.7;
				PRODUCT_NAME = Ishimura;
				WRAPPER_EXTENSION = app;
			};
			name = Debug;
		};
		A063798317492AF0006F2347 /* Release */ = {
			isa = XCBuildConfiguration;
			buildSettings = {
				COMBINE_HIDPI_IMAGES = YES;
				GCC_PRECOMPILE_PREFIX_HEADER = YES;
				GCC_PREFIX_HEADER = "cpulim/Ishimura-Prefix.pch";
				INFOPLIST_FILE = "cpulim/Ishimura-Info.plist";
				MACOSX_DEPLOYMENT_TARGET = 10.7;
				PRODUCT_NAME = Ishimura;
				WRAPPER_EXTENSION = app;
			};
			name = Release;
		};
		A071B6A217D8812500D3866E /* Debug */ = {
			isa = XCBuildConfiguration;
			buildSettings = {
				BUNDLE_LOADER = "$(BUILT_PRODUCTS_DIR)/Ishimura.app/Contents/MacOS/Ishimura";
				CLANG_ENABLE_MODULES = YES;
				CLANG_ENABLE_OBJC_ARC = YES;
				CLANG_WARN_BOOL_CONVERSION = YES;
				CLANG_WARN_DIRECT_OBJC_ISA_USAGE = YES_ERROR;
				CLANG_WARN_OBJC_ROOT_CLASS = YES_ERROR;
				FRAMEWORK_SEARCH_PATHS = (
					"$(DEVELOPER_FRAMEWORKS_DIR)",
					"$(inherited)",
				);
				GCC_PRECOMPILE_PREFIX_HEADER = YES;
				GCC_PREFIX_HEADER = "Ishimura Tests/Ishimura Tests-Prefix.pch";
				GCC_PREPROCESSOR_DEFINITIONS = (
					"DEBUG=1",
					"$(inherited)",
				);
				GCC_WARN_ABOUT_RETURN_TYPE = YES_ERROR;
				GCC_WARN_UNDECLARED_SELECTOR = YES;
				GCC_WARN_UNUSED_FUNCTION = YES;
				INFOPLIST_FILE = "Ishimura Tests/Ishimura Tests-Info.plist";
				MACOSX_DEPLOYMENT_TARGET = 10.7;
				PRODUCT_NAME = "$(TARGET_NAME)";
				TEST_HOST = "$(BUNDLE_LOADER)";
				WRAPPER_EXTENSION = xctest;
			};
			name = Debug;
		};
		A071B6A317D8812500D3866E /* Release */ = {
			isa = XCBuildConfiguration;
			buildSettings = {
				BUNDLE_LOADER = "$(BUILT_PRODUCTS_DIR)/Ishimura.app/Contents/MacOS/Ishimura";
				CLANG_ENABLE_MODULES = YES;
				CLANG_ENABLE_OBJC_ARC = YES;
				CLANG_WARN_BOOL_CONVERSION = YES;
				CLANG_WARN_DIRECT_OBJC_ISA_USAGE = YES_ERROR;
				CLANG_WARN_OBJC_ROOT_CLASS = YES_ERROR;
				ENABLE_NS_ASSERTIONS = NO;
				FRAMEWORK_SEARCH_PATHS = (
					"$(DEVELOPER_FRAMEWORKS_DIR)",
					"$(inherited)",
				);
				GCC_PRECOMPILE_PREFIX_HEADER = YES;
				GCC_PREFIX_HEADER = "Ishimura Tests/Ishimura Tests-Prefix.pch";
				GCC_WARN_ABOUT_RETURN_TYPE = YES_ERROR;
				GCC_WARN_UNDECLARED_SELECTOR = YES;
				GCC_WARN_UNUSED_FUNCTION = YES;
				INFOPLIST_FILE = "Ishimura Tests/Ishimura Tests-Info.plist";
				MACOSX_DEPLOYMENT_TARGET = 10.7;
				PRODUCT_NAME = "$(TARGET_NAME)";
				TEST_HOST = "$(BUNDLE_LOADER)";
				WRAPPER_EXTENSION = xctest;
			};
			name = Release;
		};
/* End XCBuildConfiguration section */

/* Begin XCConfigurationList section */
		A063795F17492AEF006F2347 /* Build configuration list for PBXProject "Ishimura" */ = {
			isa = XCConfigurationList;
			buildConfigurations = (
				A063797F17492AF0006F2347 /* Debug */,
				A063798017492AF0006F2347 /* Release */,
			);
			defaultConfigurationIsVisible = 0;
			defaultConfigurationName = Release;
		};
		A063798117492AF0006F2347 /* Build configuration list for PBXNativeTarget "Ishimura" */ = {
			isa = XCConfigurationList;
			buildConfigurations = (
				A063798217492AF0006F2347 /* Debug */,
				A063798317492AF0006F2347 /* Release */,
			);
			defaultConfigurationIsVisible = 0;
			defaultConfigurationName = Release;
		};
		A071B6A117D8812500D3866E /* Build configuration list for PBXNativeTarget "Ishimura Tests" */ = {
			isa = XCConfigurationList;
			buildConfigurations = (
				A071B6A217D8812500D3866E /* Debug */,
				A071B6A317D8812500D3866E /* Release */,
			);
			defaultConfigurationIsVisible = 0;
			defaultConfigurationName = Release;
		};
/* End XCConfigurationList section */
	};
	rootObject = A063795C17492AEF006F2347 /* Project object */;
}
